// !$*UTF8*$!
{
	archiveVersion = 1;
	classes = {
	};
	objectVersion = 46;
	objects = {

/* Begin PBXBuildFile section */
		A6037F1C148C112D00442DAA /* image_old.png in Resources */ = {isa = PBXBuildFile; fileRef = A6037F1B148C112D00442DAA /* image_old.png */; };
		A6679CDE1488DA7D00322312 /* QuartzCore.framework in Frameworks */ = {isa = PBXBuildFile; fileRef = A6679CDD1488DA7D00322312 /* QuartzCore.framework */; };
		A6679CE01488DA7D00322312 /* OpenGLES.framework in Frameworks */ = {isa = PBXBuildFile; fileRef = A6679CDF1488DA7D00322312 /* OpenGLES.framework */; };
		A6679CE21488DA7D00322312 /* OpenAL.framework in Frameworks */ = {isa = PBXBuildFile; fileRef = A6679CE11488DA7D00322312 /* OpenAL.framework */; };
		A6679CE41488DA7D00322312 /* AudioToolbox.framework in Frameworks */ = {isa = PBXBuildFile; fileRef = A6679CE31488DA7D00322312 /* AudioToolbox.framework */; };
		A6679CE61488DA7D00322312 /* AVFoundation.framework in Frameworks */ = {isa = PBXBuildFile; fileRef = A6679CE51488DA7D00322312 /* AVFoundation.framework */; };
		A6679CE81488DA7D00322312 /* UIKit.framework in Frameworks */ = {isa = PBXBuildFile; fileRef = A6679CE71488DA7D00322312 /* UIKit.framework */; };
		A6679CEA1488DA7D00322312 /* Foundation.framework in Frameworks */ = {isa = PBXBuildFile; fileRef = A6679CE91488DA7D00322312 /* Foundation.framework */; };
		A6679CEC1488DA7D00322312 /* CoreGraphics.framework in Frameworks */ = {isa = PBXBuildFile; fileRef = A6679CEB1488DA7D00322312 /* CoreGraphics.framework */; };
		A6679CF01488DA7D00322312 /* Default.png in Resources */ = {isa = PBXBuildFile; fileRef = A6679CEF1488DA7D00322312 /* Default.png */; };
		A6679CF21488DA7D00322312 /* fps_images.png in Resources */ = {isa = PBXBuildFile; fileRef = A6679CF11488DA7D00322312 /* fps_images.png */; };
		A6679CF41488DA7D00322312 /* Icon-72.png in Resources */ = {isa = PBXBuildFile; fileRef = A6679CF31488DA7D00322312 /* Icon-72.png */; };
		A6679CF61488DA7D00322312 /* Icon-Small-50.png in Resources */ = {isa = PBXBuildFile; fileRef = A6679CF51488DA7D00322312 /* Icon-Small-50.png */; };
		A6679CF81488DA7D00322312 /* Icon-Small.png in Resources */ = {isa = PBXBuildFile; fileRef = A6679CF71488DA7D00322312 /* Icon-Small.png */; };
		A6679CFA1488DA7D00322312 /* Icon-Small@2x.png in Resources */ = {isa = PBXBuildFile; fileRef = A6679CF91488DA7D00322312 /* Icon-Small@2x.png */; };
		A6679CFC1488DA7D00322312 /* Icon.png in Resources */ = {isa = PBXBuildFile; fileRef = A6679CFB1488DA7D00322312 /* Icon.png */; };
		A6679CFE1488DA7D00322312 /* Icon@2x.png in Resources */ = {isa = PBXBuildFile; fileRef = A6679CFD1488DA7D00322312 /* Icon@2x.png */; };
		A6679D011488DA7D00322312 /* iTunesArtwork in Resources */ = {isa = PBXBuildFile; fileRef = A6679D001488DA7D00322312 /* iTunesArtwork */; };
		A6679D061488DA7D00322312 /* CCAction.m in Sources */ = {isa = PBXBuildFile; fileRef = A6679D051488DA7D00322312 /* CCAction.m */; };
		A6679D091488DA7D00322312 /* CCActionCamera.m in Sources */ = {isa = PBXBuildFile; fileRef = A6679D081488DA7D00322312 /* CCActionCamera.m */; };
		A6679D0C1488DA7D00322312 /* CCActionEase.m in Sources */ = {isa = PBXBuildFile; fileRef = A6679D0B1488DA7D00322312 /* CCActionEase.m */; };
		A6679D0F1488DA7D00322312 /* CCActionGrid.m in Sources */ = {isa = PBXBuildFile; fileRef = A6679D0E1488DA7D00322312 /* CCActionGrid.m */; };
		A6679D121488DA7D00322312 /* CCActionGrid3D.m in Sources */ = {isa = PBXBuildFile; fileRef = A6679D111488DA7D00322312 /* CCActionGrid3D.m */; };
		A6679D151488DA7D00322312 /* CCActionInstant.m in Sources */ = {isa = PBXBuildFile; fileRef = A6679D141488DA7D00322312 /* CCActionInstant.m */; };
		A6679D181488DA7D00322312 /* CCActionInterval.m in Sources */ = {isa = PBXBuildFile; fileRef = A6679D171488DA7D00322312 /* CCActionInterval.m */; };
		A6679D1B1488DA7D00322312 /* CCActionManager.m in Sources */ = {isa = PBXBuildFile; fileRef = A6679D1A1488DA7D00322312 /* CCActionManager.m */; };
		A6679D1E1488DA7D00322312 /* CCActionPageTurn3D.m in Sources */ = {isa = PBXBuildFile; fileRef = A6679D1D1488DA7D00322312 /* CCActionPageTurn3D.m */; };
		A6679D211488DA7D00322312 /* CCActionProgressTimer.m in Sources */ = {isa = PBXBuildFile; fileRef = A6679D201488DA7D00322312 /* CCActionProgressTimer.m */; };
		A6679D241488DA7D00322312 /* CCActionTiledGrid.m in Sources */ = {isa = PBXBuildFile; fileRef = A6679D231488DA7D00322312 /* CCActionTiledGrid.m */; };
		A6679D271488DA7D00322312 /* CCActionTween.m in Sources */ = {isa = PBXBuildFile; fileRef = A6679D261488DA7D00322312 /* CCActionTween.m */; };
		A6679D2A1488DA7D00322312 /* CCAnimation.m in Sources */ = {isa = PBXBuildFile; fileRef = A6679D291488DA7D00322312 /* CCAnimation.m */; };
		A6679D2D1488DA7D00322312 /* CCAnimationCache.m in Sources */ = {isa = PBXBuildFile; fileRef = A6679D2C1488DA7D00322312 /* CCAnimationCache.m */; };
		A6679D301488DA7D00322312 /* CCAtlasNode.m in Sources */ = {isa = PBXBuildFile; fileRef = A6679D2F1488DA7D00322312 /* CCAtlasNode.m */; };
		A6679D331488DA7D00322312 /* CCBlockSupport.m in Sources */ = {isa = PBXBuildFile; fileRef = A6679D321488DA7D00322312 /* CCBlockSupport.m */; };
		A6679D361488DA7D00322312 /* CCCamera.m in Sources */ = {isa = PBXBuildFile; fileRef = A6679D351488DA7D00322312 /* CCCamera.m */; };
		A6679D3A1488DA7D00322312 /* CCConfiguration.m in Sources */ = {isa = PBXBuildFile; fileRef = A6679D391488DA7D00322312 /* CCConfiguration.m */; };
		A6679D3D1488DA7D00322312 /* CCDirector.m in Sources */ = {isa = PBXBuildFile; fileRef = A6679D3C1488DA7D00322312 /* CCDirector.m */; };
		A6679D401488DA7D00322312 /* CCDrawingPrimitives.m in Sources */ = {isa = PBXBuildFile; fileRef = A6679D3F1488DA7D00322312 /* CCDrawingPrimitives.m */; };
		A6679D431488DA7D00322312 /* CCGrabber.m in Sources */ = {isa = PBXBuildFile; fileRef = A6679D421488DA7D00322312 /* CCGrabber.m */; };
		A6679D461488DA7D00322312 /* CCGrid.m in Sources */ = {isa = PBXBuildFile; fileRef = A6679D451488DA7D00322312 /* CCGrid.m */; };
		A6679D491488DA7D00322312 /* CCLabelAtlas.m in Sources */ = {isa = PBXBuildFile; fileRef = A6679D481488DA7D00322312 /* CCLabelAtlas.m */; };
		A6679D4C1488DA7D00322312 /* CCLabelBMFont.m in Sources */ = {isa = PBXBuildFile; fileRef = A6679D4B1488DA7D00322312 /* CCLabelBMFont.m */; };
		A6679D4F1488DA7E00322312 /* CCLabelTTF.m in Sources */ = {isa = PBXBuildFile; fileRef = A6679D4E1488DA7E00322312 /* CCLabelTTF.m */; };
		A6679D521488DA7E00322312 /* CCLayer.m in Sources */ = {isa = PBXBuildFile; fileRef = A6679D511488DA7E00322312 /* CCLayer.m */; };
		A6679D561488DA7E00322312 /* CCMenu.m in Sources */ = {isa = PBXBuildFile; fileRef = A6679D551488DA7E00322312 /* CCMenu.m */; };
		A6679D591488DA7E00322312 /* CCMenuItem.m in Sources */ = {isa = PBXBuildFile; fileRef = A6679D581488DA7E00322312 /* CCMenuItem.m */; };
		A6679D5C1488DA7E00322312 /* CCMotionStreak.m in Sources */ = {isa = PBXBuildFile; fileRef = A6679D5B1488DA7E00322312 /* CCMotionStreak.m */; };
		A6679D5F1488DA7E00322312 /* CCNode.m in Sources */ = {isa = PBXBuildFile; fileRef = A6679D5E1488DA7E00322312 /* CCNode.m */; };
		A6679D621488DA7E00322312 /* CCParallaxNode.m in Sources */ = {isa = PBXBuildFile; fileRef = A6679D611488DA7E00322312 /* CCParallaxNode.m */; };
		A6679D651488DA7E00322312 /* CCParticleBatchNode.m in Sources */ = {isa = PBXBuildFile; fileRef = A6679D641488DA7E00322312 /* CCParticleBatchNode.m */; };
		A6679D681488DA7E00322312 /* CCParticleExamples.m in Sources */ = {isa = PBXBuildFile; fileRef = A6679D671488DA7E00322312 /* CCParticleExamples.m */; };
		A6679D6B1488DA7E00322312 /* CCParticleSystem.m in Sources */ = {isa = PBXBuildFile; fileRef = A6679D6A1488DA7E00322312 /* CCParticleSystem.m */; };
		A6679D6E1488DA7E00322312 /* CCParticleSystemPoint.m in Sources */ = {isa = PBXBuildFile; fileRef = A6679D6D1488DA7E00322312 /* CCParticleSystemPoint.m */; };
		A6679D711488DA7E00322312 /* CCParticleSystemQuad.m in Sources */ = {isa = PBXBuildFile; fileRef = A6679D701488DA7E00322312 /* CCParticleSystemQuad.m */; };
		A6679D741488DA7E00322312 /* CCProgressTimer.m in Sources */ = {isa = PBXBuildFile; fileRef = A6679D731488DA7E00322312 /* CCProgressTimer.m */; };
		A6679D781488DA7E00322312 /* CCRenderTexture.m in Sources */ = {isa = PBXBuildFile; fileRef = A6679D771488DA7E00322312 /* CCRenderTexture.m */; };
		A6679D7B1488DA7E00322312 /* CCRibbon.m in Sources */ = {isa = PBXBuildFile; fileRef = A6679D7A1488DA7E00322312 /* CCRibbon.m */; };
		A6679D7E1488DA7E00322312 /* CCScene.m in Sources */ = {isa = PBXBuildFile; fileRef = A6679D7D1488DA7E00322312 /* CCScene.m */; };
		A6679D811488DA7E00322312 /* CCScheduler.m in Sources */ = {isa = PBXBuildFile; fileRef = A6679D801488DA7E00322312 /* CCScheduler.m */; };
		A6679D841488DA7E00322312 /* CCSprite.m in Sources */ = {isa = PBXBuildFile; fileRef = A6679D831488DA7E00322312 /* CCSprite.m */; };
		A6679D871488DA7E00322312 /* CCSpriteBatchNode.m in Sources */ = {isa = PBXBuildFile; fileRef = A6679D861488DA7E00322312 /* CCSpriteBatchNode.m */; };
		A6679D8A1488DA7E00322312 /* CCSpriteFrame.m in Sources */ = {isa = PBXBuildFile; fileRef = A6679D891488DA7E00322312 /* CCSpriteFrame.m */; };
		A6679D8D1488DA7E00322312 /* CCSpriteFrameCache.m in Sources */ = {isa = PBXBuildFile; fileRef = A6679D8C1488DA7E00322312 /* CCSpriteFrameCache.m */; };
		A6679D901488DA7E00322312 /* CCTexture2D.m in Sources */ = {isa = PBXBuildFile; fileRef = A6679D8F1488DA7E00322312 /* CCTexture2D.m */; };
		A6679D931488DA7E00322312 /* CCTextureAtlas.m in Sources */ = {isa = PBXBuildFile; fileRef = A6679D921488DA7E00322312 /* CCTextureAtlas.m */; };
		A6679D961488DA7E00322312 /* CCTextureCache.m in Sources */ = {isa = PBXBuildFile; fileRef = A6679D951488DA7E00322312 /* CCTextureCache.m */; };
		A6679D991488DA7E00322312 /* CCTexturePVR.m in Sources */ = {isa = PBXBuildFile; fileRef = A6679D981488DA7E00322312 /* CCTexturePVR.m */; };
		A6679D9C1488DA7E00322312 /* CCTileMapAtlas.m in Sources */ = {isa = PBXBuildFile; fileRef = A6679D9B1488DA7E00322312 /* CCTileMapAtlas.m */; };
		A6679D9F1488DA7E00322312 /* CCTMXLayer.m in Sources */ = {isa = PBXBuildFile; fileRef = A6679D9E1488DA7E00322312 /* CCTMXLayer.m */; };
		A6679DA21488DA7E00322312 /* CCTMXObjectGroup.m in Sources */ = {isa = PBXBuildFile; fileRef = A6679DA11488DA7E00322312 /* CCTMXObjectGroup.m */; };
		A6679DA51488DA7E00322312 /* CCTMXTiledMap.m in Sources */ = {isa = PBXBuildFile; fileRef = A6679DA41488DA7E00322312 /* CCTMXTiledMap.m */; };
		A6679DA81488DA7E00322312 /* CCTMXXMLParser.m in Sources */ = {isa = PBXBuildFile; fileRef = A6679DA71488DA7E00322312 /* CCTMXXMLParser.m */; };
		A6679DAB1488DA7E00322312 /* CCTransition.m in Sources */ = {isa = PBXBuildFile; fileRef = A6679DAA1488DA7E00322312 /* CCTransition.m */; };
		A6679DAE1488DA7E00322312 /* CCTransitionPageTurn.m in Sources */ = {isa = PBXBuildFile; fileRef = A6679DAD1488DA7E00322312 /* CCTransitionPageTurn.m */; };
		A6679DB11488DA7E00322312 /* CCTransitionRadial.m in Sources */ = {isa = PBXBuildFile; fileRef = A6679DB01488DA7E00322312 /* CCTransitionRadial.m */; };
		A6679DB51488DA7E00322312 /* cocos2d.m in Sources */ = {isa = PBXBuildFile; fileRef = A6679DB41488DA7E00322312 /* cocos2d.m */; };
		A6679DBC1488DA7F00322312 /* CCDirectorIOS.m in Sources */ = {isa = PBXBuildFile; fileRef = A6679DBB1488DA7F00322312 /* CCDirectorIOS.m */; };
		A6679DC01488DA7F00322312 /* CCTouchDispatcher.m in Sources */ = {isa = PBXBuildFile; fileRef = A6679DBF1488DA7F00322312 /* CCTouchDispatcher.m */; };
		A6679DC31488DA7F00322312 /* CCTouchHandler.m in Sources */ = {isa = PBXBuildFile; fileRef = A6679DC21488DA7F00322312 /* CCTouchHandler.m */; };
		A6679DC61488DA7F00322312 /* EAGLView.m in Sources */ = {isa = PBXBuildFile; fileRef = A6679DC51488DA7F00322312 /* EAGLView.m */; };
		A6679DC91488DA7F00322312 /* ES1Renderer.m in Sources */ = {isa = PBXBuildFile; fileRef = A6679DC81488DA7F00322312 /* ES1Renderer.m */; };
		A6679DCC1488DA7F00322312 /* glu.c in Sources */ = {isa = PBXBuildFile; fileRef = A6679DCB1488DA7F00322312 /* glu.c */; };
		A6679DD11488DA7F00322312 /* CCDirectorMac.m in Sources */ = {isa = PBXBuildFile; fileRef = A6679DD01488DA7F00322312 /* CCDirectorMac.m */; };
		A6679DD41488DA7F00322312 /* CCEventDispatcher.m in Sources */ = {isa = PBXBuildFile; fileRef = A6679DD31488DA7F00322312 /* CCEventDispatcher.m */; };
		A6679DD71488DA7F00322312 /* MacGLView.m in Sources */ = {isa = PBXBuildFile; fileRef = A6679DD61488DA7F00322312 /* MacGLView.m */; };
		A6679DDA1488DA7F00322312 /* MacWindow.m in Sources */ = {isa = PBXBuildFile; fileRef = A6679DD91488DA7F00322312 /* MacWindow.m */; };
		A6679DDD1488DA7F00322312 /* base64.c in Sources */ = {isa = PBXBuildFile; fileRef = A6679DDC1488DA7F00322312 /* base64.c */; };
		A6679DE11488DA7F00322312 /* CCArray.m in Sources */ = {isa = PBXBuildFile; fileRef = A6679DE01488DA7F00322312 /* CCArray.m */; };
		A6679DE51488DA7F00322312 /* CCFileUtils.m in Sources */ = {isa = PBXBuildFile; fileRef = A6679DE41488DA7F00322312 /* CCFileUtils.m */; };
		A6679DE81488DA7F00322312 /* CCProfiling.m in Sources */ = {isa = PBXBuildFile; fileRef = A6679DE71488DA7F00322312 /* CCProfiling.m */; };
		A6679DEA1488DA7F00322312 /* ccUtils.c in Sources */ = {isa = PBXBuildFile; fileRef = A6679DE91488DA7F00322312 /* ccUtils.c */; };
		A6679DEE1488DA7F00322312 /* CGPointExtension.m in Sources */ = {isa = PBXBuildFile; fileRef = A6679DED1488DA7F00322312 /* CGPointExtension.m */; };
		A6679DF21488DA7F00322312 /* TGAlib.m in Sources */ = {isa = PBXBuildFile; fileRef = A6679DF11488DA7F00322312 /* TGAlib.m */; };
		A6679DF51488DA7F00322312 /* TransformUtils.m in Sources */ = {isa = PBXBuildFile; fileRef = A6679DF41488DA7F00322312 /* TransformUtils.m */; };
		A6679DFA1488DA7F00322312 /* ZipUtils.m in Sources */ = {isa = PBXBuildFile; fileRef = A6679DF91488DA7F00322312 /* ZipUtils.m */; };
		A6679DFF1488DA7F00322312 /* CDAudioManager.m in Sources */ = {isa = PBXBuildFile; fileRef = A6679DFE1488DA7F00322312 /* CDAudioManager.m */; };
		A6679E031488DA7F00322312 /* CDOpenALSupport.m in Sources */ = {isa = PBXBuildFile; fileRef = A6679E021488DA7F00322312 /* CDOpenALSupport.m */; };
		A6679E061488DA7F00322312 /* CocosDenshion.m in Sources */ = {isa = PBXBuildFile; fileRef = A6679E051488DA7F00322312 /* CocosDenshion.m */; };
		A6679E091488DA7F00322312 /* SimpleAudioEngine.m in Sources */ = {isa = PBXBuildFile; fileRef = A6679E081488DA7F00322312 /* SimpleAudioEngine.m */; };
		A6679E0E1488DA7F00322312 /* CLScoreServerPost.m in Sources */ = {isa = PBXBuildFile; fileRef = A6679E0D1488DA7F00322312 /* CLScoreServerPost.m */; };
		A6679E111488DA7F00322312 /* CLScoreServerRequest.m in Sources */ = {isa = PBXBuildFile; fileRef = A6679E101488DA7F00322312 /* CLScoreServerRequest.m */; };
		A6679E141488DA7F00322312 /* cocoslive.m in Sources */ = {isa = PBXBuildFile; fileRef = A6679E131488DA7F00322312 /* cocoslive.m */; };
		A6679E191488DA7F00322312 /* CDataScanner.m in Sources */ = {isa = PBXBuildFile; fileRef = A6679E181488DA7F00322312 /* CDataScanner.m */; };
		A6679E1D1488DA7F00322312 /* CDataScanner_Extensions.m in Sources */ = {isa = PBXBuildFile; fileRef = A6679E1C1488DA7F00322312 /* CDataScanner_Extensions.m */; };
		A6679E201488DA7F00322312 /* NSDictionary_JSONExtensions.m in Sources */ = {isa = PBXBuildFile; fileRef = A6679E1F1488DA7F00322312 /* NSDictionary_JSONExtensions.m */; };
		A6679E241488DA7F00322312 /* CJSONDeserializer.m in Sources */ = {isa = PBXBuildFile; fileRef = A6679E231488DA7F00322312 /* CJSONDeserializer.m */; };
		A6679E271488DA7F00322312 /* CJSONScanner.m in Sources */ = {isa = PBXBuildFile; fileRef = A6679E261488DA7F00322312 /* CJSONScanner.m */; };
		A6679E2A1488DA7F00322312 /* CJSONSerializer.m in Sources */ = {isa = PBXBuildFile; fileRef = A6679E291488DA7F00322312 /* CJSONSerializer.m */; };
		A6679E2F1488DA8000322312 /* FontLabel.m in Sources */ = {isa = PBXBuildFile; fileRef = A6679E2E1488DA8000322312 /* FontLabel.m */; };
		A6679E321488DA8000322312 /* FontLabelStringDrawing.m in Sources */ = {isa = PBXBuildFile; fileRef = A6679E311488DA8000322312 /* FontLabelStringDrawing.m */; };
		A6679E351488DA8000322312 /* FontManager.m in Sources */ = {isa = PBXBuildFile; fileRef = A6679E341488DA8000322312 /* FontManager.m */; };
		A6679E381488DA8000322312 /* ZAttributedString.m in Sources */ = {isa = PBXBuildFile; fileRef = A6679E371488DA8000322312 /* ZAttributedString.m */; };
		A6679E3C1488DA8000322312 /* ZFont.m in Sources */ = {isa = PBXBuildFile; fileRef = A6679E3B1488DA8000322312 /* ZFont.m */; };
		A6679E411488DA8000322312 /* main.m in Sources */ = {isa = PBXBuildFile; fileRef = A6679E401488DA8000322312 /* main.m */; };
		A6679E441488DA8000322312 /* AppDelegate.m in Sources */ = {isa = PBXBuildFile; fileRef = A6679E431488DA8000322312 /* AppDelegate.m */; };
		A6679E471488DA8000322312 /* RootViewController.m in Sources */ = {isa = PBXBuildFile; fileRef = A6679E461488DA8000322312 /* RootViewController.m */; };
		A6679E4A1488DA8000322312 /* HelloWorldLayer.m in Sources */ = {isa = PBXBuildFile; fileRef = A6679E491488DA8000322312 /* HelloWorldLayer.m */; };
		A6679E531488DCD900322312 /* pgeRippleSprite.m in Sources */ = {isa = PBXBuildFile; fileRef = A6679E521488DCD900322312 /* pgeRippleSprite.m */; };
		A6679E6C1488DD5300322312 /* image.png in Resources */ = {isa = PBXBuildFile; fileRef = A6679E6B1488DD5300322312 /* image.png */; };
/* End PBXBuildFile section */

/* Begin PBXFileReference section */
		A6037F1B148C112D00442DAA /* image_old.png */ = {isa = PBXFileReference; lastKnownFileType = image.png; name = image_old.png; path = Resources/image_old.png; sourceTree = "<group>"; };
		A6679CD91488DA7D00322312 /* rippleDemo.app */ = {isa = PBXFileReference; explicitFileType = wrapper.application; includeInIndex = 0; path = rippleDemo.app; sourceTree = BUILT_PRODUCTS_DIR; };
		A6679CDD1488DA7D00322312 /* QuartzCore.framework */ = {isa = PBXFileReference; lastKnownFileType = wrapper.framework; name = QuartzCore.framework; path = System/Library/Frameworks/QuartzCore.framework; sourceTree = SDKROOT; };
		A6679CDF1488DA7D00322312 /* OpenGLES.framework */ = {isa = PBXFileReference; lastKnownFileType = wrapper.framework; name = OpenGLES.framework; path = System/Library/Frameworks/OpenGLES.framework; sourceTree = SDKROOT; };
		A6679CE11488DA7D00322312 /* OpenAL.framework */ = {isa = PBXFileReference; lastKnownFileType = wrapper.framework; name = OpenAL.framework; path = System/Library/Frameworks/OpenAL.framework; sourceTree = SDKROOT; };
		A6679CE31488DA7D00322312 /* AudioToolbox.framework */ = {isa = PBXFileReference; lastKnownFileType = wrapper.framework; name = AudioToolbox.framework; path = System/Library/Frameworks/AudioToolbox.framework; sourceTree = SDKROOT; };
		A6679CE51488DA7D00322312 /* AVFoundation.framework */ = {isa = PBXFileReference; lastKnownFileType = wrapper.framework; name = AVFoundation.framework; path = System/Library/Frameworks/AVFoundation.framework; sourceTree = SDKROOT; };
		A6679CE71488DA7D00322312 /* UIKit.framework */ = {isa = PBXFileReference; lastKnownFileType = wrapper.framework; name = UIKit.framework; path = System/Library/Frameworks/UIKit.framework; sourceTree = SDKROOT; };
		A6679CE91488DA7D00322312 /* Foundation.framework */ = {isa = PBXFileReference; lastKnownFileType = wrapper.framework; name = Foundation.framework; path = System/Library/Frameworks/Foundation.framework; sourceTree = SDKROOT; };
		A6679CEB1488DA7D00322312 /* CoreGraphics.framework */ = {isa = PBXFileReference; lastKnownFileType = wrapper.framework; name = CoreGraphics.framework; path = System/Library/Frameworks/CoreGraphics.framework; sourceTree = SDKROOT; };
		A6679CEF1488DA7D00322312 /* Default.png */ = {isa = PBXFileReference; lastKnownFileType = image.png; name = Default.png; path = Resources/Default.png; sourceTree = "<group>"; };
		A6679CF11488DA7D00322312 /* fps_images.png */ = {isa = PBXFileReference; lastKnownFileType = image.png; name = fps_images.png; path = Resources/fps_images.png; sourceTree = "<group>"; };
		A6679CF31488DA7D00322312 /* Icon-72.png */ = {isa = PBXFileReference; lastKnownFileType = image.png; name = "Icon-72.png"; path = "Resources/Icon-72.png"; sourceTree = "<group>"; };
		A6679CF51488DA7D00322312 /* Icon-Small-50.png */ = {isa = PBXFileReference; lastKnownFileType = image.png; name = "Icon-Small-50.png"; path = "Resources/Icon-Small-50.png"; sourceTree = "<group>"; };
		A6679CF71488DA7D00322312 /* Icon-Small.png */ = {isa = PBXFileReference; lastKnownFileType = image.png; name = "Icon-Small.png"; path = "Resources/Icon-Small.png"; sourceTree = "<group>"; };
		A6679CF91488DA7D00322312 /* Icon-Small@2x.png */ = {isa = PBXFileReference; lastKnownFileType = image.png; name = "Icon-Small@2x.png"; path = "Resources/Icon-Small@2x.png"; sourceTree = "<group>"; };
		A6679CFB1488DA7D00322312 /* Icon.png */ = {isa = PBXFileReference; lastKnownFileType = image.png; name = Icon.png; path = Resources/Icon.png; sourceTree = "<group>"; };
		A6679CFD1488DA7D00322312 /* Icon@2x.png */ = {isa = PBXFileReference; lastKnownFileType = image.png; name = "Icon@2x.png"; path = "Resources/Icon@2x.png"; sourceTree = "<group>"; };
		A6679CFF1488DA7D00322312 /* Info.plist */ = {isa = PBXFileReference; lastKnownFileType = text.plist.xml; name = Info.plist; path = Resources/Info.plist; sourceTree = "<group>"; };
		A6679D001488DA7D00322312 /* iTunesArtwork */ = {isa = PBXFileReference; lastKnownFileType = file; name = iTunesArtwork; path = Resources/iTunesArtwork; sourceTree = "<group>"; };
		A6679D041488DA7D00322312 /* CCAction.h */ = {isa = PBXFileReference; lastKnownFileType = sourcecode.c.h; name = CCAction.h; path = libs/cocos2d/CCAction.h; sourceTree = "<group>"; };
		A6679D051488DA7D00322312 /* CCAction.m */ = {isa = PBXFileReference; lastKnownFileType = sourcecode.c.objc; name = CCAction.m; path = libs/cocos2d/CCAction.m; sourceTree = "<group>"; };
		A6679D071488DA7D00322312 /* CCActionCamera.h */ = {isa = PBXFileReference; lastKnownFileType = sourcecode.c.h; name = CCActionCamera.h; path = libs/cocos2d/CCActionCamera.h; sourceTree = "<group>"; };
		A6679D081488DA7D00322312 /* CCActionCamera.m */ = {isa = PBXFileReference; lastKnownFileType = sourcecode.c.objc; name = CCActionCamera.m; path = libs/cocos2d/CCActionCamera.m; sourceTree = "<group>"; };
		A6679D0A1488DA7D00322312 /* CCActionEase.h */ = {isa = PBXFileReference; lastKnownFileType = sourcecode.c.h; name = CCActionEase.h; path = libs/cocos2d/CCActionEase.h; sourceTree = "<group>"; };
		A6679D0B1488DA7D00322312 /* CCActionEase.m */ = {isa = PBXFileReference; lastKnownFileType = sourcecode.c.objc; name = CCActionEase.m; path = libs/cocos2d/CCActionEase.m; sourceTree = "<group>"; };
		A6679D0D1488DA7D00322312 /* CCActionGrid.h */ = {isa = PBXFileReference; lastKnownFileType = sourcecode.c.h; name = CCActionGrid.h; path = libs/cocos2d/CCActionGrid.h; sourceTree = "<group>"; };
		A6679D0E1488DA7D00322312 /* CCActionGrid.m */ = {isa = PBXFileReference; lastKnownFileType = sourcecode.c.objc; name = CCActionGrid.m; path = libs/cocos2d/CCActionGrid.m; sourceTree = "<group>"; };
		A6679D101488DA7D00322312 /* CCActionGrid3D.h */ = {isa = PBXFileReference; lastKnownFileType = sourcecode.c.h; name = CCActionGrid3D.h; path = libs/cocos2d/CCActionGrid3D.h; sourceTree = "<group>"; };
		A6679D111488DA7D00322312 /* CCActionGrid3D.m */ = {isa = PBXFileReference; lastKnownFileType = sourcecode.c.objc; name = CCActionGrid3D.m; path = libs/cocos2d/CCActionGrid3D.m; sourceTree = "<group>"; };
		A6679D131488DA7D00322312 /* CCActionInstant.h */ = {isa = PBXFileReference; lastKnownFileType = sourcecode.c.h; name = CCActionInstant.h; path = libs/cocos2d/CCActionInstant.h; sourceTree = "<group>"; };
		A6679D141488DA7D00322312 /* CCActionInstant.m */ = {isa = PBXFileReference; lastKnownFileType = sourcecode.c.objc; name = CCActionInstant.m; path = libs/cocos2d/CCActionInstant.m; sourceTree = "<group>"; };
		A6679D161488DA7D00322312 /* CCActionInterval.h */ = {isa = PBXFileReference; lastKnownFileType = sourcecode.c.h; name = CCActionInterval.h; path = libs/cocos2d/CCActionInterval.h; sourceTree = "<group>"; };
		A6679D171488DA7D00322312 /* CCActionInterval.m */ = {isa = PBXFileReference; lastKnownFileType = sourcecode.c.objc; name = CCActionInterval.m; path = libs/cocos2d/CCActionInterval.m; sourceTree = "<group>"; };
		A6679D191488DA7D00322312 /* CCActionManager.h */ = {isa = PBXFileReference; lastKnownFileType = sourcecode.c.h; name = CCActionManager.h; path = libs/cocos2d/CCActionManager.h; sourceTree = "<group>"; };
		A6679D1A1488DA7D00322312 /* CCActionManager.m */ = {isa = PBXFileReference; lastKnownFileType = sourcecode.c.objc; name = CCActionManager.m; path = libs/cocos2d/CCActionManager.m; sourceTree = "<group>"; };
		A6679D1C1488DA7D00322312 /* CCActionPageTurn3D.h */ = {isa = PBXFileReference; lastKnownFileType = sourcecode.c.h; name = CCActionPageTurn3D.h; path = libs/cocos2d/CCActionPageTurn3D.h; sourceTree = "<group>"; };
		A6679D1D1488DA7D00322312 /* CCActionPageTurn3D.m */ = {isa = PBXFileReference; lastKnownFileType = sourcecode.c.objc; name = CCActionPageTurn3D.m; path = libs/cocos2d/CCActionPageTurn3D.m; sourceTree = "<group>"; };
		A6679D1F1488DA7D00322312 /* CCActionProgressTimer.h */ = {isa = PBXFileReference; lastKnownFileType = sourcecode.c.h; name = CCActionProgressTimer.h; path = libs/cocos2d/CCActionProgressTimer.h; sourceTree = "<group>"; };
		A6679D201488DA7D00322312 /* CCActionProgressTimer.m */ = {isa = PBXFileReference; lastKnownFileType = sourcecode.c.objc; name = CCActionProgressTimer.m; path = libs/cocos2d/CCActionProgressTimer.m; sourceTree = "<group>"; };
		A6679D221488DA7D00322312 /* CCActionTiledGrid.h */ = {isa = PBXFileReference; lastKnownFileType = sourcecode.c.h; name = CCActionTiledGrid.h; path = libs/cocos2d/CCActionTiledGrid.h; sourceTree = "<group>"; };
		A6679D231488DA7D00322312 /* CCActionTiledGrid.m */ = {isa = PBXFileReference; lastKnownFileType = sourcecode.c.objc; name = CCActionTiledGrid.m; path = libs/cocos2d/CCActionTiledGrid.m; sourceTree = "<group>"; };
		A6679D251488DA7D00322312 /* CCActionTween.h */ = {isa = PBXFileReference; lastKnownFileType = sourcecode.c.h; name = CCActionTween.h; path = libs/cocos2d/CCActionTween.h; sourceTree = "<group>"; };
		A6679D261488DA7D00322312 /* CCActionTween.m */ = {isa = PBXFileReference; lastKnownFileType = sourcecode.c.objc; name = CCActionTween.m; path = libs/cocos2d/CCActionTween.m; sourceTree = "<group>"; };
		A6679D281488DA7D00322312 /* CCAnimation.h */ = {isa = PBXFileReference; lastKnownFileType = sourcecode.c.h; name = CCAnimation.h; path = libs/cocos2d/CCAnimation.h; sourceTree = "<group>"; };
		A6679D291488DA7D00322312 /* CCAnimation.m */ = {isa = PBXFileReference; lastKnownFileType = sourcecode.c.objc; name = CCAnimation.m; path = libs/cocos2d/CCAnimation.m; sourceTree = "<group>"; };
		A6679D2B1488DA7D00322312 /* CCAnimationCache.h */ = {isa = PBXFileReference; lastKnownFileType = sourcecode.c.h; name = CCAnimationCache.h; path = libs/cocos2d/CCAnimationCache.h; sourceTree = "<group>"; };
		A6679D2C1488DA7D00322312 /* CCAnimationCache.m */ = {isa = PBXFileReference; lastKnownFileType = sourcecode.c.objc; name = CCAnimationCache.m; path = libs/cocos2d/CCAnimationCache.m; sourceTree = "<group>"; };
		A6679D2E1488DA7D00322312 /* CCAtlasNode.h */ = {isa = PBXFileReference; lastKnownFileType = sourcecode.c.h; name = CCAtlasNode.h; path = libs/cocos2d/CCAtlasNode.h; sourceTree = "<group>"; };
		A6679D2F1488DA7D00322312 /* CCAtlasNode.m */ = {isa = PBXFileReference; lastKnownFileType = sourcecode.c.objc; name = CCAtlasNode.m; path = libs/cocos2d/CCAtlasNode.m; sourceTree = "<group>"; };
		A6679D311488DA7D00322312 /* CCBlockSupport.h */ = {isa = PBXFileReference; lastKnownFileType = sourcecode.c.h; name = CCBlockSupport.h; path = libs/cocos2d/CCBlockSupport.h; sourceTree = "<group>"; };
		A6679D321488DA7D00322312 /* CCBlockSupport.m */ = {isa = PBXFileReference; lastKnownFileType = sourcecode.c.objc; name = CCBlockSupport.m; path = libs/cocos2d/CCBlockSupport.m; sourceTree = "<group>"; };
		A6679D341488DA7D00322312 /* CCCamera.h */ = {isa = PBXFileReference; lastKnownFileType = sourcecode.c.h; name = CCCamera.h; path = libs/cocos2d/CCCamera.h; sourceTree = "<group>"; };
		A6679D351488DA7D00322312 /* CCCamera.m */ = {isa = PBXFileReference; lastKnownFileType = sourcecode.c.objc; name = CCCamera.m; path = libs/cocos2d/CCCamera.m; sourceTree = "<group>"; };
		A6679D371488DA7D00322312 /* ccConfig.h */ = {isa = PBXFileReference; lastKnownFileType = sourcecode.c.h; name = ccConfig.h; path = libs/cocos2d/ccConfig.h; sourceTree = "<group>"; };
		A6679D381488DA7D00322312 /* CCConfiguration.h */ = {isa = PBXFileReference; lastKnownFileType = sourcecode.c.h; name = CCConfiguration.h; path = libs/cocos2d/CCConfiguration.h; sourceTree = "<group>"; };
		A6679D391488DA7D00322312 /* CCConfiguration.m */ = {isa = PBXFileReference; lastKnownFileType = sourcecode.c.objc; name = CCConfiguration.m; path = libs/cocos2d/CCConfiguration.m; sourceTree = "<group>"; };
		A6679D3B1488DA7D00322312 /* CCDirector.h */ = {isa = PBXFileReference; lastKnownFileType = sourcecode.c.h; name = CCDirector.h; path = libs/cocos2d/CCDirector.h; sourceTree = "<group>"; };
		A6679D3C1488DA7D00322312 /* CCDirector.m */ = {isa = PBXFileReference; lastKnownFileType = sourcecode.c.objc; name = CCDirector.m; path = libs/cocos2d/CCDirector.m; sourceTree = "<group>"; };
		A6679D3E1488DA7D00322312 /* CCDrawingPrimitives.h */ = {isa = PBXFileReference; lastKnownFileType = sourcecode.c.h; name = CCDrawingPrimitives.h; path = libs/cocos2d/CCDrawingPrimitives.h; sourceTree = "<group>"; };
		A6679D3F1488DA7D00322312 /* CCDrawingPrimitives.m */ = {isa = PBXFileReference; lastKnownFileType = sourcecode.c.objc; name = CCDrawingPrimitives.m; path = libs/cocos2d/CCDrawingPrimitives.m; sourceTree = "<group>"; };
		A6679D411488DA7D00322312 /* CCGrabber.h */ = {isa = PBXFileReference; lastKnownFileType = sourcecode.c.h; name = CCGrabber.h; path = libs/cocos2d/CCGrabber.h; sourceTree = "<group>"; };
		A6679D421488DA7D00322312 /* CCGrabber.m */ = {isa = PBXFileReference; lastKnownFileType = sourcecode.c.objc; name = CCGrabber.m; path = libs/cocos2d/CCGrabber.m; sourceTree = "<group>"; };
		A6679D441488DA7D00322312 /* CCGrid.h */ = {isa = PBXFileReference; lastKnownFileType = sourcecode.c.h; name = CCGrid.h; path = libs/cocos2d/CCGrid.h; sourceTree = "<group>"; };
		A6679D451488DA7D00322312 /* CCGrid.m */ = {isa = PBXFileReference; lastKnownFileType = sourcecode.c.objc; name = CCGrid.m; path = libs/cocos2d/CCGrid.m; sourceTree = "<group>"; };
		A6679D471488DA7D00322312 /* CCLabelAtlas.h */ = {isa = PBXFileReference; lastKnownFileType = sourcecode.c.h; name = CCLabelAtlas.h; path = libs/cocos2d/CCLabelAtlas.h; sourceTree = "<group>"; };
		A6679D481488DA7D00322312 /* CCLabelAtlas.m */ = {isa = PBXFileReference; lastKnownFileType = sourcecode.c.objc; name = CCLabelAtlas.m; path = libs/cocos2d/CCLabelAtlas.m; sourceTree = "<group>"; };
		A6679D4A1488DA7D00322312 /* CCLabelBMFont.h */ = {isa = PBXFileReference; lastKnownFileType = sourcecode.c.h; name = CCLabelBMFont.h; path = libs/cocos2d/CCLabelBMFont.h; sourceTree = "<group>"; };
		A6679D4B1488DA7D00322312 /* CCLabelBMFont.m */ = {isa = PBXFileReference; lastKnownFileType = sourcecode.c.objc; name = CCLabelBMFont.m; path = libs/cocos2d/CCLabelBMFont.m; sourceTree = "<group>"; };
		A6679D4D1488DA7E00322312 /* CCLabelTTF.h */ = {isa = PBXFileReference; lastKnownFileType = sourcecode.c.h; name = CCLabelTTF.h; path = libs/cocos2d/CCLabelTTF.h; sourceTree = "<group>"; };
		A6679D4E1488DA7E00322312 /* CCLabelTTF.m */ = {isa = PBXFileReference; lastKnownFileType = sourcecode.c.objc; name = CCLabelTTF.m; path = libs/cocos2d/CCLabelTTF.m; sourceTree = "<group>"; };
		A6679D501488DA7E00322312 /* CCLayer.h */ = {isa = PBXFileReference; lastKnownFileType = sourcecode.c.h; name = CCLayer.h; path = libs/cocos2d/CCLayer.h; sourceTree = "<group>"; };
		A6679D511488DA7E00322312 /* CCLayer.m */ = {isa = PBXFileReference; lastKnownFileType = sourcecode.c.objc; name = CCLayer.m; path = libs/cocos2d/CCLayer.m; sourceTree = "<group>"; };
		A6679D531488DA7E00322312 /* ccMacros.h */ = {isa = PBXFileReference; lastKnownFileType = sourcecode.c.h; name = ccMacros.h; path = libs/cocos2d/ccMacros.h; sourceTree = "<group>"; };
		A6679D541488DA7E00322312 /* CCMenu.h */ = {isa = PBXFileReference; lastKnownFileType = sourcecode.c.h; name = CCMenu.h; path = libs/cocos2d/CCMenu.h; sourceTree = "<group>"; };
		A6679D551488DA7E00322312 /* CCMenu.m */ = {isa = PBXFileReference; lastKnownFileType = sourcecode.c.objc; name = CCMenu.m; path = libs/cocos2d/CCMenu.m; sourceTree = "<group>"; };
		A6679D571488DA7E00322312 /* CCMenuItem.h */ = {isa = PBXFileReference; lastKnownFileType = sourcecode.c.h; name = CCMenuItem.h; path = libs/cocos2d/CCMenuItem.h; sourceTree = "<group>"; };
		A6679D581488DA7E00322312 /* CCMenuItem.m */ = {isa = PBXFileReference; lastKnownFileType = sourcecode.c.objc; name = CCMenuItem.m; path = libs/cocos2d/CCMenuItem.m; sourceTree = "<group>"; };
		A6679D5A1488DA7E00322312 /* CCMotionStreak.h */ = {isa = PBXFileReference; lastKnownFileType = sourcecode.c.h; name = CCMotionStreak.h; path = libs/cocos2d/CCMotionStreak.h; sourceTree = "<group>"; };
		A6679D5B1488DA7E00322312 /* CCMotionStreak.m */ = {isa = PBXFileReference; lastKnownFileType = sourcecode.c.objc; name = CCMotionStreak.m; path = libs/cocos2d/CCMotionStreak.m; sourceTree = "<group>"; };
		A6679D5D1488DA7E00322312 /* CCNode.h */ = {isa = PBXFileReference; lastKnownFileType = sourcecode.c.h; name = CCNode.h; path = libs/cocos2d/CCNode.h; sourceTree = "<group>"; };
		A6679D5E1488DA7E00322312 /* CCNode.m */ = {isa = PBXFileReference; lastKnownFileType = sourcecode.c.objc; name = CCNode.m; path = libs/cocos2d/CCNode.m; sourceTree = "<group>"; };
		A6679D601488DA7E00322312 /* CCParallaxNode.h */ = {isa = PBXFileReference; lastKnownFileType = sourcecode.c.h; name = CCParallaxNode.h; path = libs/cocos2d/CCParallaxNode.h; sourceTree = "<group>"; };
		A6679D611488DA7E00322312 /* CCParallaxNode.m */ = {isa = PBXFileReference; lastKnownFileType = sourcecode.c.objc; name = CCParallaxNode.m; path = libs/cocos2d/CCParallaxNode.m; sourceTree = "<group>"; };
		A6679D631488DA7E00322312 /* CCParticleBatchNode.h */ = {isa = PBXFileReference; lastKnownFileType = sourcecode.c.h; name = CCParticleBatchNode.h; path = libs/cocos2d/CCParticleBatchNode.h; sourceTree = "<group>"; };
		A6679D641488DA7E00322312 /* CCParticleBatchNode.m */ = {isa = PBXFileReference; lastKnownFileType = sourcecode.c.objc; name = CCParticleBatchNode.m; path = libs/cocos2d/CCParticleBatchNode.m; sourceTree = "<group>"; };
		A6679D661488DA7E00322312 /* CCParticleExamples.h */ = {isa = PBXFileReference; lastKnownFileType = sourcecode.c.h; name = CCParticleExamples.h; path = libs/cocos2d/CCParticleExamples.h; sourceTree = "<group>"; };
		A6679D671488DA7E00322312 /* CCParticleExamples.m */ = {isa = PBXFileReference; lastKnownFileType = sourcecode.c.objc; name = CCParticleExamples.m; path = libs/cocos2d/CCParticleExamples.m; sourceTree = "<group>"; };
		A6679D691488DA7E00322312 /* CCParticleSystem.h */ = {isa = PBXFileReference; lastKnownFileType = sourcecode.c.h; name = CCParticleSystem.h; path = libs/cocos2d/CCParticleSystem.h; sourceTree = "<group>"; };
		A6679D6A1488DA7E00322312 /* CCParticleSystem.m */ = {isa = PBXFileReference; lastKnownFileType = sourcecode.c.objc; name = CCParticleSystem.m; path = libs/cocos2d/CCParticleSystem.m; sourceTree = "<group>"; };
		A6679D6C1488DA7E00322312 /* CCParticleSystemPoint.h */ = {isa = PBXFileReference; lastKnownFileType = sourcecode.c.h; name = CCParticleSystemPoint.h; path = libs/cocos2d/CCParticleSystemPoint.h; sourceTree = "<group>"; };
		A6679D6D1488DA7E00322312 /* CCParticleSystemPoint.m */ = {isa = PBXFileReference; lastKnownFileType = sourcecode.c.objc; name = CCParticleSystemPoint.m; path = libs/cocos2d/CCParticleSystemPoint.m; sourceTree = "<group>"; };
		A6679D6F1488DA7E00322312 /* CCParticleSystemQuad.h */ = {isa = PBXFileReference; lastKnownFileType = sourcecode.c.h; name = CCParticleSystemQuad.h; path = libs/cocos2d/CCParticleSystemQuad.h; sourceTree = "<group>"; };
		A6679D701488DA7E00322312 /* CCParticleSystemQuad.m */ = {isa = PBXFileReference; lastKnownFileType = sourcecode.c.objc; name = CCParticleSystemQuad.m; path = libs/cocos2d/CCParticleSystemQuad.m; sourceTree = "<group>"; };
		A6679D721488DA7E00322312 /* CCProgressTimer.h */ = {isa = PBXFileReference; lastKnownFileType = sourcecode.c.h; name = CCProgressTimer.h; path = libs/cocos2d/CCProgressTimer.h; sourceTree = "<group>"; };
		A6679D731488DA7E00322312 /* CCProgressTimer.m */ = {isa = PBXFileReference; lastKnownFileType = sourcecode.c.objc; name = CCProgressTimer.m; path = libs/cocos2d/CCProgressTimer.m; sourceTree = "<group>"; };
		A6679D751488DA7E00322312 /* CCProtocols.h */ = {isa = PBXFileReference; lastKnownFileType = sourcecode.c.h; name = CCProtocols.h; path = libs/cocos2d/CCProtocols.h; sourceTree = "<group>"; };
		A6679D761488DA7E00322312 /* CCRenderTexture.h */ = {isa = PBXFileReference; lastKnownFileType = sourcecode.c.h; name = CCRenderTexture.h; path = libs/cocos2d/CCRenderTexture.h; sourceTree = "<group>"; };
		A6679D771488DA7E00322312 /* CCRenderTexture.m */ = {isa = PBXFileReference; lastKnownFileType = sourcecode.c.objc; name = CCRenderTexture.m; path = libs/cocos2d/CCRenderTexture.m; sourceTree = "<group>"; };
		A6679D791488DA7E00322312 /* CCRibbon.h */ = {isa = PBXFileReference; lastKnownFileType = sourcecode.c.h; name = CCRibbon.h; path = libs/cocos2d/CCRibbon.h; sourceTree = "<group>"; };
		A6679D7A1488DA7E00322312 /* CCRibbon.m */ = {isa = PBXFileReference; lastKnownFileType = sourcecode.c.objc; name = CCRibbon.m; path = libs/cocos2d/CCRibbon.m; sourceTree = "<group>"; };
		A6679D7C1488DA7E00322312 /* CCScene.h */ = {isa = PBXFileReference; lastKnownFileType = sourcecode.c.h; name = CCScene.h; path = libs/cocos2d/CCScene.h; sourceTree = "<group>"; };
		A6679D7D1488DA7E00322312 /* CCScene.m */ = {isa = PBXFileReference; lastKnownFileType = sourcecode.c.objc; name = CCScene.m; path = libs/cocos2d/CCScene.m; sourceTree = "<group>"; };
		A6679D7F1488DA7E00322312 /* CCScheduler.h */ = {isa = PBXFileReference; lastKnownFileType = sourcecode.c.h; name = CCScheduler.h; path = libs/cocos2d/CCScheduler.h; sourceTree = "<group>"; };
		A6679D801488DA7E00322312 /* CCScheduler.m */ = {isa = PBXFileReference; lastKnownFileType = sourcecode.c.objc; name = CCScheduler.m; path = libs/cocos2d/CCScheduler.m; sourceTree = "<group>"; };
		A6679D821488DA7E00322312 /* CCSprite.h */ = {isa = PBXFileReference; lastKnownFileType = sourcecode.c.h; name = CCSprite.h; path = libs/cocos2d/CCSprite.h; sourceTree = "<group>"; };
		A6679D831488DA7E00322312 /* CCSprite.m */ = {isa = PBXFileReference; lastKnownFileType = sourcecode.c.objc; name = CCSprite.m; path = libs/cocos2d/CCSprite.m; sourceTree = "<group>"; };
		A6679D851488DA7E00322312 /* CCSpriteBatchNode.h */ = {isa = PBXFileReference; lastKnownFileType = sourcecode.c.h; name = CCSpriteBatchNode.h; path = libs/cocos2d/CCSpriteBatchNode.h; sourceTree = "<group>"; };
		A6679D861488DA7E00322312 /* CCSpriteBatchNode.m */ = {isa = PBXFileReference; lastKnownFileType = sourcecode.c.objc; name = CCSpriteBatchNode.m; path = libs/cocos2d/CCSpriteBatchNode.m; sourceTree = "<group>"; };
		A6679D881488DA7E00322312 /* CCSpriteFrame.h */ = {isa = PBXFileReference; lastKnownFileType = sourcecode.c.h; name = CCSpriteFrame.h; path = libs/cocos2d/CCSpriteFrame.h; sourceTree = "<group>"; };
		A6679D891488DA7E00322312 /* CCSpriteFrame.m */ = {isa = PBXFileReference; lastKnownFileType = sourcecode.c.objc; name = CCSpriteFrame.m; path = libs/cocos2d/CCSpriteFrame.m; sourceTree = "<group>"; };
		A6679D8B1488DA7E00322312 /* CCSpriteFrameCache.h */ = {isa = PBXFileReference; lastKnownFileType = sourcecode.c.h; name = CCSpriteFrameCache.h; path = libs/cocos2d/CCSpriteFrameCache.h; sourceTree = "<group>"; };
		A6679D8C1488DA7E00322312 /* CCSpriteFrameCache.m */ = {isa = PBXFileReference; lastKnownFileType = sourcecode.c.objc; name = CCSpriteFrameCache.m; path = libs/cocos2d/CCSpriteFrameCache.m; sourceTree = "<group>"; };
		A6679D8E1488DA7E00322312 /* CCTexture2D.h */ = {isa = PBXFileReference; lastKnownFileType = sourcecode.c.h; name = CCTexture2D.h; path = libs/cocos2d/CCTexture2D.h; sourceTree = "<group>"; };
		A6679D8F1488DA7E00322312 /* CCTexture2D.m */ = {isa = PBXFileReference; lastKnownFileType = sourcecode.c.objc; name = CCTexture2D.m; path = libs/cocos2d/CCTexture2D.m; sourceTree = "<group>"; };
		A6679D911488DA7E00322312 /* CCTextureAtlas.h */ = {isa = PBXFileReference; lastKnownFileType = sourcecode.c.h; name = CCTextureAtlas.h; path = libs/cocos2d/CCTextureAtlas.h; sourceTree = "<group>"; };
		A6679D921488DA7E00322312 /* CCTextureAtlas.m */ = {isa = PBXFileReference; lastKnownFileType = sourcecode.c.objc; name = CCTextureAtlas.m; path = libs/cocos2d/CCTextureAtlas.m; sourceTree = "<group>"; };
		A6679D941488DA7E00322312 /* CCTextureCache.h */ = {isa = PBXFileReference; lastKnownFileType = sourcecode.c.h; name = CCTextureCache.h; path = libs/cocos2d/CCTextureCache.h; sourceTree = "<group>"; };
		A6679D951488DA7E00322312 /* CCTextureCache.m */ = {isa = PBXFileReference; lastKnownFileType = sourcecode.c.objc; name = CCTextureCache.m; path = libs/cocos2d/CCTextureCache.m; sourceTree = "<group>"; };
		A6679D971488DA7E00322312 /* CCTexturePVR.h */ = {isa = PBXFileReference; lastKnownFileType = sourcecode.c.h; name = CCTexturePVR.h; path = libs/cocos2d/CCTexturePVR.h; sourceTree = "<group>"; };
		A6679D981488DA7E00322312 /* CCTexturePVR.m */ = {isa = PBXFileReference; lastKnownFileType = sourcecode.c.objc; name = CCTexturePVR.m; path = libs/cocos2d/CCTexturePVR.m; sourceTree = "<group>"; };
		A6679D9A1488DA7E00322312 /* CCTileMapAtlas.h */ = {isa = PBXFileReference; lastKnownFileType = sourcecode.c.h; name = CCTileMapAtlas.h; path = libs/cocos2d/CCTileMapAtlas.h; sourceTree = "<group>"; };
		A6679D9B1488DA7E00322312 /* CCTileMapAtlas.m */ = {isa = PBXFileReference; lastKnownFileType = sourcecode.c.objc; name = CCTileMapAtlas.m; path = libs/cocos2d/CCTileMapAtlas.m; sourceTree = "<group>"; };
		A6679D9D1488DA7E00322312 /* CCTMXLayer.h */ = {isa = PBXFileReference; lastKnownFileType = sourcecode.c.h; name = CCTMXLayer.h; path = libs/cocos2d/CCTMXLayer.h; sourceTree = "<group>"; };
		A6679D9E1488DA7E00322312 /* CCTMXLayer.m */ = {isa = PBXFileReference; lastKnownFileType = sourcecode.c.objc; name = CCTMXLayer.m; path = libs/cocos2d/CCTMXLayer.m; sourceTree = "<group>"; };
		A6679DA01488DA7E00322312 /* CCTMXObjectGroup.h */ = {isa = PBXFileReference; lastKnownFileType = sourcecode.c.h; name = CCTMXObjectGroup.h; path = libs/cocos2d/CCTMXObjectGroup.h; sourceTree = "<group>"; };
		A6679DA11488DA7E00322312 /* CCTMXObjectGroup.m */ = {isa = PBXFileReference; lastKnownFileType = sourcecode.c.objc; name = CCTMXObjectGroup.m; path = libs/cocos2d/CCTMXObjectGroup.m; sourceTree = "<group>"; };
		A6679DA31488DA7E00322312 /* CCTMXTiledMap.h */ = {isa = PBXFileReference; lastKnownFileType = sourcecode.c.h; name = CCTMXTiledMap.h; path = libs/cocos2d/CCTMXTiledMap.h; sourceTree = "<group>"; };
		A6679DA41488DA7E00322312 /* CCTMXTiledMap.m */ = {isa = PBXFileReference; lastKnownFileType = sourcecode.c.objc; name = CCTMXTiledMap.m; path = libs/cocos2d/CCTMXTiledMap.m; sourceTree = "<group>"; };
		A6679DA61488DA7E00322312 /* CCTMXXMLParser.h */ = {isa = PBXFileReference; lastKnownFileType = sourcecode.c.h; name = CCTMXXMLParser.h; path = libs/cocos2d/CCTMXXMLParser.h; sourceTree = "<group>"; };
		A6679DA71488DA7E00322312 /* CCTMXXMLParser.m */ = {isa = PBXFileReference; lastKnownFileType = sourcecode.c.objc; name = CCTMXXMLParser.m; path = libs/cocos2d/CCTMXXMLParser.m; sourceTree = "<group>"; };
		A6679DA91488DA7E00322312 /* CCTransition.h */ = {isa = PBXFileReference; lastKnownFileType = sourcecode.c.h; name = CCTransition.h; path = libs/cocos2d/CCTransition.h; sourceTree = "<group>"; };
		A6679DAA1488DA7E00322312 /* CCTransition.m */ = {isa = PBXFileReference; lastKnownFileType = sourcecode.c.objc; name = CCTransition.m; path = libs/cocos2d/CCTransition.m; sourceTree = "<group>"; };
		A6679DAC1488DA7E00322312 /* CCTransitionPageTurn.h */ = {isa = PBXFileReference; lastKnownFileType = sourcecode.c.h; name = CCTransitionPageTurn.h; path = libs/cocos2d/CCTransitionPageTurn.h; sourceTree = "<group>"; };
		A6679DAD1488DA7E00322312 /* CCTransitionPageTurn.m */ = {isa = PBXFileReference; lastKnownFileType = sourcecode.c.objc; name = CCTransitionPageTurn.m; path = libs/cocos2d/CCTransitionPageTurn.m; sourceTree = "<group>"; };
		A6679DAF1488DA7E00322312 /* CCTransitionRadial.h */ = {isa = PBXFileReference; lastKnownFileType = sourcecode.c.h; name = CCTransitionRadial.h; path = libs/cocos2d/CCTransitionRadial.h; sourceTree = "<group>"; };
		A6679DB01488DA7E00322312 /* CCTransitionRadial.m */ = {isa = PBXFileReference; lastKnownFileType = sourcecode.c.objc; name = CCTransitionRadial.m; path = libs/cocos2d/CCTransitionRadial.m; sourceTree = "<group>"; };
		A6679DB21488DA7E00322312 /* ccTypes.h */ = {isa = PBXFileReference; lastKnownFileType = sourcecode.c.h; name = ccTypes.h; path = libs/cocos2d/ccTypes.h; sourceTree = "<group>"; };
		A6679DB31488DA7E00322312 /* cocos2d.h */ = {isa = PBXFileReference; lastKnownFileType = sourcecode.c.h; name = cocos2d.h; path = libs/cocos2d/cocos2d.h; sourceTree = "<group>"; };
		A6679DB41488DA7E00322312 /* cocos2d.m */ = {isa = PBXFileReference; lastKnownFileType = sourcecode.c.objc; name = cocos2d.m; path = libs/cocos2d/cocos2d.m; sourceTree = "<group>"; };
		A6679DB71488DA7E00322312 /* CCGL.h */ = {isa = PBXFileReference; lastKnownFileType = sourcecode.c.h; name = CCGL.h; path = libs/cocos2d/Platforms/CCGL.h; sourceTree = "<group>"; };
		A6679DB81488DA7F00322312 /* CCNS.h */ = {isa = PBXFileReference; lastKnownFileType = sourcecode.c.h; name = CCNS.h; path = libs/cocos2d/Platforms/CCNS.h; sourceTree = "<group>"; };
		A6679DBA1488DA7F00322312 /* CCDirectorIOS.h */ = {isa = PBXFileReference; lastKnownFileType = sourcecode.c.h; name = CCDirectorIOS.h; path = libs/cocos2d/Platforms/iOS/CCDirectorIOS.h; sourceTree = "<group>"; };
		A6679DBB1488DA7F00322312 /* CCDirectorIOS.m */ = {isa = PBXFileReference; lastKnownFileType = sourcecode.c.objc; name = CCDirectorIOS.m; path = libs/cocos2d/Platforms/iOS/CCDirectorIOS.m; sourceTree = "<group>"; };
		A6679DBD1488DA7F00322312 /* CCTouchDelegateProtocol.h */ = {isa = PBXFileReference; lastKnownFileType = sourcecode.c.h; name = CCTouchDelegateProtocol.h; path = libs/cocos2d/Platforms/iOS/CCTouchDelegateProtocol.h; sourceTree = "<group>"; };
		A6679DBE1488DA7F00322312 /* CCTouchDispatcher.h */ = {isa = PBXFileReference; lastKnownFileType = sourcecode.c.h; name = CCTouchDispatcher.h; path = libs/cocos2d/Platforms/iOS/CCTouchDispatcher.h; sourceTree = "<group>"; };
		A6679DBF1488DA7F00322312 /* CCTouchDispatcher.m */ = {isa = PBXFileReference; lastKnownFileType = sourcecode.c.objc; name = CCTouchDispatcher.m; path = libs/cocos2d/Platforms/iOS/CCTouchDispatcher.m; sourceTree = "<group>"; };
		A6679DC11488DA7F00322312 /* CCTouchHandler.h */ = {isa = PBXFileReference; lastKnownFileType = sourcecode.c.h; name = CCTouchHandler.h; path = libs/cocos2d/Platforms/iOS/CCTouchHandler.h; sourceTree = "<group>"; };
		A6679DC21488DA7F00322312 /* CCTouchHandler.m */ = {isa = PBXFileReference; lastKnownFileType = sourcecode.c.objc; name = CCTouchHandler.m; path = libs/cocos2d/Platforms/iOS/CCTouchHandler.m; sourceTree = "<group>"; };
		A6679DC41488DA7F00322312 /* EAGLView.h */ = {isa = PBXFileReference; lastKnownFileType = sourcecode.c.h; name = EAGLView.h; path = libs/cocos2d/Platforms/iOS/EAGLView.h; sourceTree = "<group>"; };
		A6679DC51488DA7F00322312 /* EAGLView.m */ = {isa = PBXFileReference; lastKnownFileType = sourcecode.c.objc; name = EAGLView.m; path = libs/cocos2d/Platforms/iOS/EAGLView.m; sourceTree = "<group>"; };
		A6679DC71488DA7F00322312 /* ES1Renderer.h */ = {isa = PBXFileReference; lastKnownFileType = sourcecode.c.h; name = ES1Renderer.h; path = libs/cocos2d/Platforms/iOS/ES1Renderer.h; sourceTree = "<group>"; };
		A6679DC81488DA7F00322312 /* ES1Renderer.m */ = {isa = PBXFileReference; lastKnownFileType = sourcecode.c.objc; name = ES1Renderer.m; path = libs/cocos2d/Platforms/iOS/ES1Renderer.m; sourceTree = "<group>"; };
		A6679DCA1488DA7F00322312 /* ESRenderer.h */ = {isa = PBXFileReference; lastKnownFileType = sourcecode.c.h; name = ESRenderer.h; path = libs/cocos2d/Platforms/iOS/ESRenderer.h; sourceTree = "<group>"; };
		A6679DCB1488DA7F00322312 /* glu.c */ = {isa = PBXFileReference; lastKnownFileType = sourcecode.c.c; name = glu.c; path = libs/cocos2d/Platforms/iOS/glu.c; sourceTree = "<group>"; };
		A6679DCD1488DA7F00322312 /* glu.h */ = {isa = PBXFileReference; lastKnownFileType = sourcecode.c.h; name = glu.h; path = libs/cocos2d/Platforms/iOS/glu.h; sourceTree = "<group>"; };
		A6679DCF1488DA7F00322312 /* CCDirectorMac.h */ = {isa = PBXFileReference; lastKnownFileType = sourcecode.c.h; name = CCDirectorMac.h; path = libs/cocos2d/Platforms/Mac/CCDirectorMac.h; sourceTree = "<group>"; };
		A6679DD01488DA7F00322312 /* CCDirectorMac.m */ = {isa = PBXFileReference; lastKnownFileType = sourcecode.c.objc; name = CCDirectorMac.m; path = libs/cocos2d/Platforms/Mac/CCDirectorMac.m; sourceTree = "<group>"; };
		A6679DD21488DA7F00322312 /* CCEventDispatcher.h */ = {isa = PBXFileReference; lastKnownFileType = sourcecode.c.h; name = CCEventDispatcher.h; path = libs/cocos2d/Platforms/Mac/CCEventDispatcher.h; sourceTree = "<group>"; };
		A6679DD31488DA7F00322312 /* CCEventDispatcher.m */ = {isa = PBXFileReference; lastKnownFileType = sourcecode.c.objc; name = CCEventDispatcher.m; path = libs/cocos2d/Platforms/Mac/CCEventDispatcher.m; sourceTree = "<group>"; };
		A6679DD51488DA7F00322312 /* MacGLView.h */ = {isa = PBXFileReference; lastKnownFileType = sourcecode.c.h; name = MacGLView.h; path = libs/cocos2d/Platforms/Mac/MacGLView.h; sourceTree = "<group>"; };
		A6679DD61488DA7F00322312 /* MacGLView.m */ = {isa = PBXFileReference; lastKnownFileType = sourcecode.c.objc; name = MacGLView.m; path = libs/cocos2d/Platforms/Mac/MacGLView.m; sourceTree = "<group>"; };
		A6679DD81488DA7F00322312 /* MacWindow.h */ = {isa = PBXFileReference; lastKnownFileType = sourcecode.c.h; name = MacWindow.h; path = libs/cocos2d/Platforms/Mac/MacWindow.h; sourceTree = "<group>"; };
		A6679DD91488DA7F00322312 /* MacWindow.m */ = {isa = PBXFileReference; lastKnownFileType = sourcecode.c.objc; name = MacWindow.m; path = libs/cocos2d/Platforms/Mac/MacWindow.m; sourceTree = "<group>"; };
		A6679DDC1488DA7F00322312 /* base64.c */ = {isa = PBXFileReference; lastKnownFileType = sourcecode.c.c; name = base64.c; path = libs/cocos2d/Support/base64.c; sourceTree = "<group>"; };
		A6679DDE1488DA7F00322312 /* base64.h */ = {isa = PBXFileReference; lastKnownFileType = sourcecode.c.h; name = base64.h; path = libs/cocos2d/Support/base64.h; sourceTree = "<group>"; };
		A6679DDF1488DA7F00322312 /* CCArray.h */ = {isa = PBXFileReference; lastKnownFileType = sourcecode.c.h; name = CCArray.h; path = libs/cocos2d/Support/CCArray.h; sourceTree = "<group>"; };
		A6679DE01488DA7F00322312 /* CCArray.m */ = {isa = PBXFileReference; lastKnownFileType = sourcecode.c.objc; name = CCArray.m; path = libs/cocos2d/Support/CCArray.m; sourceTree = "<group>"; };
		A6679DE21488DA7F00322312 /* ccCArray.h */ = {isa = PBXFileReference; lastKnownFileType = sourcecode.c.h; name = ccCArray.h; path = libs/cocos2d/Support/ccCArray.h; sourceTree = "<group>"; };
		A6679DE31488DA7F00322312 /* CCFileUtils.h */ = {isa = PBXFileReference; lastKnownFileType = sourcecode.c.h; name = CCFileUtils.h; path = libs/cocos2d/Support/CCFileUtils.h; sourceTree = "<group>"; };
		A6679DE41488DA7F00322312 /* CCFileUtils.m */ = {isa = PBXFileReference; lastKnownFileType = sourcecode.c.objc; name = CCFileUtils.m; path = libs/cocos2d/Support/CCFileUtils.m; sourceTree = "<group>"; };
		A6679DE61488DA7F00322312 /* CCProfiling.h */ = {isa = PBXFileReference; lastKnownFileType = sourcecode.c.h; name = CCProfiling.h; path = libs/cocos2d/Support/CCProfiling.h; sourceTree = "<group>"; };
		A6679DE71488DA7F00322312 /* CCProfiling.m */ = {isa = PBXFileReference; lastKnownFileType = sourcecode.c.objc; name = CCProfiling.m; path = libs/cocos2d/Support/CCProfiling.m; sourceTree = "<group>"; };
		A6679DE91488DA7F00322312 /* ccUtils.c */ = {isa = PBXFileReference; lastKnownFileType = sourcecode.c.c; name = ccUtils.c; path = libs/cocos2d/Support/ccUtils.c; sourceTree = "<group>"; };
		A6679DEB1488DA7F00322312 /* ccUtils.h */ = {isa = PBXFileReference; lastKnownFileType = sourcecode.c.h; name = ccUtils.h; path = libs/cocos2d/Support/ccUtils.h; sourceTree = "<group>"; };
		A6679DEC1488DA7F00322312 /* CGPointExtension.h */ = {isa = PBXFileReference; lastKnownFileType = sourcecode.c.h; name = CGPointExtension.h; path = libs/cocos2d/Support/CGPointExtension.h; sourceTree = "<group>"; };
		A6679DED1488DA7F00322312 /* CGPointExtension.m */ = {isa = PBXFileReference; lastKnownFileType = sourcecode.c.objc; name = CGPointExtension.m; path = libs/cocos2d/Support/CGPointExtension.m; sourceTree = "<group>"; };
		A6679DEF1488DA7F00322312 /* OpenGL_Internal.h */ = {isa = PBXFileReference; lastKnownFileType = sourcecode.c.h; name = OpenGL_Internal.h; path = libs/cocos2d/Support/OpenGL_Internal.h; sourceTree = "<group>"; };
		A6679DF01488DA7F00322312 /* TGAlib.h */ = {isa = PBXFileReference; lastKnownFileType = sourcecode.c.h; name = TGAlib.h; path = libs/cocos2d/Support/TGAlib.h; sourceTree = "<group>"; };
		A6679DF11488DA7F00322312 /* TGAlib.m */ = {isa = PBXFileReference; lastKnownFileType = sourcecode.c.objc; name = TGAlib.m; path = libs/cocos2d/Support/TGAlib.m; sourceTree = "<group>"; };
		A6679DF31488DA7F00322312 /* TransformUtils.h */ = {isa = PBXFileReference; lastKnownFileType = sourcecode.c.h; name = TransformUtils.h; path = libs/cocos2d/Support/TransformUtils.h; sourceTree = "<group>"; };
		A6679DF41488DA7F00322312 /* TransformUtils.m */ = {isa = PBXFileReference; lastKnownFileType = sourcecode.c.objc; name = TransformUtils.m; path = libs/cocos2d/Support/TransformUtils.m; sourceTree = "<group>"; };
		A6679DF61488DA7F00322312 /* uthash.h */ = {isa = PBXFileReference; lastKnownFileType = sourcecode.c.h; name = uthash.h; path = libs/cocos2d/Support/uthash.h; sourceTree = "<group>"; };
		A6679DF71488DA7F00322312 /* utlist.h */ = {isa = PBXFileReference; lastKnownFileType = sourcecode.c.h; name = utlist.h; path = libs/cocos2d/Support/utlist.h; sourceTree = "<group>"; };
		A6679DF81488DA7F00322312 /* ZipUtils.h */ = {isa = PBXFileReference; lastKnownFileType = sourcecode.c.h; name = ZipUtils.h; path = libs/cocos2d/Support/ZipUtils.h; sourceTree = "<group>"; };
		A6679DF91488DA7F00322312 /* ZipUtils.m */ = {isa = PBXFileReference; lastKnownFileType = sourcecode.c.objc; name = ZipUtils.m; path = libs/cocos2d/Support/ZipUtils.m; sourceTree = "<group>"; };
		A6679DFD1488DA7F00322312 /* CDAudioManager.h */ = {isa = PBXFileReference; lastKnownFileType = sourcecode.c.h; name = CDAudioManager.h; path = libs/CocosDenshion/CDAudioManager.h; sourceTree = "<group>"; };
		A6679DFE1488DA7F00322312 /* CDAudioManager.m */ = {isa = PBXFileReference; lastKnownFileType = sourcecode.c.objc; name = CDAudioManager.m; path = libs/CocosDenshion/CDAudioManager.m; sourceTree = "<group>"; };
		A6679E001488DA7F00322312 /* CDConfig.h */ = {isa = PBXFileReference; lastKnownFileType = sourcecode.c.h; name = CDConfig.h; path = libs/CocosDenshion/CDConfig.h; sourceTree = "<group>"; };
		A6679E011488DA7F00322312 /* CDOpenALSupport.h */ = {isa = PBXFileReference; lastKnownFileType = sourcecode.c.h; name = CDOpenALSupport.h; path = libs/CocosDenshion/CDOpenALSupport.h; sourceTree = "<group>"; };
		A6679E021488DA7F00322312 /* CDOpenALSupport.m */ = {isa = PBXFileReference; lastKnownFileType = sourcecode.c.objc; name = CDOpenALSupport.m; path = libs/CocosDenshion/CDOpenALSupport.m; sourceTree = "<group>"; };
		A6679E041488DA7F00322312 /* CocosDenshion.h */ = {isa = PBXFileReference; lastKnownFileType = sourcecode.c.h; name = CocosDenshion.h; path = libs/CocosDenshion/CocosDenshion.h; sourceTree = "<group>"; };
		A6679E051488DA7F00322312 /* CocosDenshion.m */ = {isa = PBXFileReference; lastKnownFileType = sourcecode.c.objc; name = CocosDenshion.m; path = libs/CocosDenshion/CocosDenshion.m; sourceTree = "<group>"; };
		A6679E071488DA7F00322312 /* SimpleAudioEngine.h */ = {isa = PBXFileReference; lastKnownFileType = sourcecode.c.h; name = SimpleAudioEngine.h; path = libs/CocosDenshion/SimpleAudioEngine.h; sourceTree = "<group>"; };
		A6679E081488DA7F00322312 /* SimpleAudioEngine.m */ = {isa = PBXFileReference; lastKnownFileType = sourcecode.c.objc; name = SimpleAudioEngine.m; path = libs/CocosDenshion/SimpleAudioEngine.m; sourceTree = "<group>"; };
		A6679E0C1488DA7F00322312 /* CLScoreServerPost.h */ = {isa = PBXFileReference; lastKnownFileType = sourcecode.c.h; name = CLScoreServerPost.h; path = libs/cocoslive/CLScoreServerPost.h; sourceTree = "<group>"; };
		A6679E0D1488DA7F00322312 /* CLScoreServerPost.m */ = {isa = PBXFileReference; lastKnownFileType = sourcecode.c.objc; name = CLScoreServerPost.m; path = libs/cocoslive/CLScoreServerPost.m; sourceTree = "<group>"; };
		A6679E0F1488DA7F00322312 /* CLScoreServerRequest.h */ = {isa = PBXFileReference; lastKnownFileType = sourcecode.c.h; name = CLScoreServerRequest.h; path = libs/cocoslive/CLScoreServerRequest.h; sourceTree = "<group>"; };
		A6679E101488DA7F00322312 /* CLScoreServerRequest.m */ = {isa = PBXFileReference; lastKnownFileType = sourcecode.c.objc; name = CLScoreServerRequest.m; path = libs/cocoslive/CLScoreServerRequest.m; sourceTree = "<group>"; };
		A6679E121488DA7F00322312 /* cocoslive.h */ = {isa = PBXFileReference; lastKnownFileType = sourcecode.c.h; name = cocoslive.h; path = libs/cocoslive/cocoslive.h; sourceTree = "<group>"; };
		A6679E131488DA7F00322312 /* cocoslive.m */ = {isa = PBXFileReference; lastKnownFileType = sourcecode.c.objc; name = cocoslive.m; path = libs/cocoslive/cocoslive.m; sourceTree = "<group>"; };
		A6679E171488DA7F00322312 /* CDataScanner.h */ = {isa = PBXFileReference; lastKnownFileType = sourcecode.c.h; name = CDataScanner.h; path = libs/TouchJSON/CDataScanner.h; sourceTree = "<group>"; };
		A6679E181488DA7F00322312 /* CDataScanner.m */ = {isa = PBXFileReference; lastKnownFileType = sourcecode.c.objc; name = CDataScanner.m; path = libs/TouchJSON/CDataScanner.m; sourceTree = "<group>"; };
		A6679E1B1488DA7F00322312 /* CDataScanner_Extensions.h */ = {isa = PBXFileReference; lastKnownFileType = sourcecode.c.h; name = CDataScanner_Extensions.h; path = libs/TouchJSON/Extensions/CDataScanner_Extensions.h; sourceTree = "<group>"; };
		A6679E1C1488DA7F00322312 /* CDataScanner_Extensions.m */ = {isa = PBXFileReference; lastKnownFileType = sourcecode.c.objc; name = CDataScanner_Extensions.m; path = libs/TouchJSON/Extensions/CDataScanner_Extensions.m; sourceTree = "<group>"; };
		A6679E1E1488DA7F00322312 /* NSDictionary_JSONExtensions.h */ = {isa = PBXFileReference; lastKnownFileType = sourcecode.c.h; name = NSDictionary_JSONExtensions.h; path = libs/TouchJSON/Extensions/NSDictionary_JSONExtensions.h; sourceTree = "<group>"; };
		A6679E1F1488DA7F00322312 /* NSDictionary_JSONExtensions.m */ = {isa = PBXFileReference; lastKnownFileType = sourcecode.c.objc; name = NSDictionary_JSONExtensions.m; path = libs/TouchJSON/Extensions/NSDictionary_JSONExtensions.m; sourceTree = "<group>"; };
		A6679E221488DA7F00322312 /* CJSONDeserializer.h */ = {isa = PBXFileReference; lastKnownFileType = sourcecode.c.h; name = CJSONDeserializer.h; path = libs/TouchJSON/JSON/CJSONDeserializer.h; sourceTree = "<group>"; };
		A6679E231488DA7F00322312 /* CJSONDeserializer.m */ = {isa = PBXFileReference; lastKnownFileType = sourcecode.c.objc; name = CJSONDeserializer.m; path = libs/TouchJSON/JSON/CJSONDeserializer.m; sourceTree = "<group>"; };
		A6679E251488DA7F00322312 /* CJSONScanner.h */ = {isa = PBXFileReference; lastKnownFileType = sourcecode.c.h; name = CJSONScanner.h; path = libs/TouchJSON/JSON/CJSONScanner.h; sourceTree = "<group>"; };
		A6679E261488DA7F00322312 /* CJSONScanner.m */ = {isa = PBXFileReference; lastKnownFileType = sourcecode.c.objc; name = CJSONScanner.m; path = libs/TouchJSON/JSON/CJSONScanner.m; sourceTree = "<group>"; };
		A6679E281488DA7F00322312 /* CJSONSerializer.h */ = {isa = PBXFileReference; lastKnownFileType = sourcecode.c.h; name = CJSONSerializer.h; path = libs/TouchJSON/JSON/CJSONSerializer.h; sourceTree = "<group>"; };
		A6679E291488DA7F00322312 /* CJSONSerializer.m */ = {isa = PBXFileReference; lastKnownFileType = sourcecode.c.objc; name = CJSONSerializer.m; path = libs/TouchJSON/JSON/CJSONSerializer.m; sourceTree = "<group>"; };
		A6679E2B1488DA7F00322312 /* JSONRepresentation.h */ = {isa = PBXFileReference; lastKnownFileType = sourcecode.c.h; name = JSONRepresentation.h; path = libs/TouchJSON/JSON/JSONRepresentation.h; sourceTree = "<group>"; };
		A6679E2D1488DA7F00322312 /* FontLabel.h */ = {isa = PBXFileReference; lastKnownFileType = sourcecode.c.h; name = FontLabel.h; path = libs/FontLabel/FontLabel.h; sourceTree = "<group>"; };
		A6679E2E1488DA8000322312 /* FontLabel.m */ = {isa = PBXFileReference; lastKnownFileType = sourcecode.c.objc; name = FontLabel.m; path = libs/FontLabel/FontLabel.m; sourceTree = "<group>"; };
		A6679E301488DA8000322312 /* FontLabelStringDrawing.h */ = {isa = PBXFileReference; lastKnownFileType = sourcecode.c.h; name = FontLabelStringDrawing.h; path = libs/FontLabel/FontLabelStringDrawing.h; sourceTree = "<group>"; };
		A6679E311488DA8000322312 /* FontLabelStringDrawing.m */ = {isa = PBXFileReference; lastKnownFileType = sourcecode.c.objc; name = FontLabelStringDrawing.m; path = libs/FontLabel/FontLabelStringDrawing.m; sourceTree = "<group>"; };
		A6679E331488DA8000322312 /* FontManager.h */ = {isa = PBXFileReference; lastKnownFileType = sourcecode.c.h; name = FontManager.h; path = libs/FontLabel/FontManager.h; sourceTree = "<group>"; };
		A6679E341488DA8000322312 /* FontManager.m */ = {isa = PBXFileReference; lastKnownFileType = sourcecode.c.objc; name = FontManager.m; path = libs/FontLabel/FontManager.m; sourceTree = "<group>"; };
		A6679E361488DA8000322312 /* ZAttributedString.h */ = {isa = PBXFileReference; lastKnownFileType = sourcecode.c.h; name = ZAttributedString.h; path = libs/FontLabel/ZAttributedString.h; sourceTree = "<group>"; };
		A6679E371488DA8000322312 /* ZAttributedString.m */ = {isa = PBXFileReference; lastKnownFileType = sourcecode.c.objc; name = ZAttributedString.m; path = libs/FontLabel/ZAttributedString.m; sourceTree = "<group>"; };
		A6679E391488DA8000322312 /* ZAttributedStringPrivate.h */ = {isa = PBXFileReference; lastKnownFileType = sourcecode.c.h; name = ZAttributedStringPrivate.h; path = libs/FontLabel/ZAttributedStringPrivate.h; sourceTree = "<group>"; };
		A6679E3A1488DA8000322312 /* ZFont.h */ = {isa = PBXFileReference; lastKnownFileType = sourcecode.c.h; name = ZFont.h; path = libs/FontLabel/ZFont.h; sourceTree = "<group>"; };
		A6679E3B1488DA8000322312 /* ZFont.m */ = {isa = PBXFileReference; lastKnownFileType = sourcecode.c.objc; name = ZFont.m; path = libs/FontLabel/ZFont.m; sourceTree = "<group>"; };
		A6679E3F1488DA8000322312 /* Prefix.pch */ = {isa = PBXFileReference; lastKnownFileType = sourcecode.c.h; path = Prefix.pch; sourceTree = "<group>"; };
		A6679E401488DA8000322312 /* main.m */ = {isa = PBXFileReference; lastKnownFileType = sourcecode.c.objc; path = main.m; sourceTree = "<group>"; };
		A6679E421488DA8000322312 /* AppDelegate.h */ = {isa = PBXFileReference; lastKnownFileType = sourcecode.c.h; path = AppDelegate.h; sourceTree = "<group>"; };
		A6679E431488DA8000322312 /* AppDelegate.m */ = {isa = PBXFileReference; lastKnownFileType = sourcecode.c.objc; path = AppDelegate.m; sourceTree = "<group>"; };
		A6679E451488DA8000322312 /* RootViewController.h */ = {isa = PBXFileReference; lastKnownFileType = sourcecode.c.h; path = RootViewController.h; sourceTree = "<group>"; };
		A6679E461488DA8000322312 /* RootViewController.m */ = {isa = PBXFileReference; lastKnownFileType = sourcecode.c.objc; path = RootViewController.m; sourceTree = "<group>"; };
		A6679E481488DA8000322312 /* HelloWorldLayer.h */ = {isa = PBXFileReference; lastKnownFileType = sourcecode.c.h; path = HelloWorldLayer.h; sourceTree = "<group>"; };
		A6679E491488DA8000322312 /* HelloWorldLayer.m */ = {isa = PBXFileReference; lastKnownFileType = sourcecode.c.objc; path = HelloWorldLayer.m; sourceTree = "<group>"; };
		A6679E4B1488DA8000322312 /* GameConfig.h */ = {isa = PBXFileReference; lastKnownFileType = sourcecode.c.h; path = GameConfig.h; sourceTree = "<group>"; };
		A6679E511488DCD900322312 /* pgeRippleSprite.h */ = {isa = PBXFileReference; fileEncoding = 4; lastKnownFileType = sourcecode.c.h; path = pgeRippleSprite.h; sourceTree = "<group>"; };
		A6679E521488DCD900322312 /* pgeRippleSprite.m */ = {isa = PBXFileReference; fileEncoding = 4; lastKnownFileType = sourcecode.c.objc; path = pgeRippleSprite.m; sourceTree = "<group>"; };
		A6679E6B1488DD5300322312 /* image.png */ = {isa = PBXFileReference; lastKnownFileType = image.png; name = image.png; path = Resources/image.png; sourceTree = "<group>"; };
/* End PBXFileReference section */

/* Begin PBXFrameworksBuildPhase section */
		A6679CD61488DA7D00322312 /* Frameworks */ = {
			isa = PBXFrameworksBuildPhase;
			buildActionMask = 2147483647;
			files = (
				A6679CDE1488DA7D00322312 /* QuartzCore.framework in Frameworks */,
				A6679CE01488DA7D00322312 /* OpenGLES.framework in Frameworks */,
				A6679CE21488DA7D00322312 /* OpenAL.framework in Frameworks */,
				A6679CE41488DA7D00322312 /* AudioToolbox.framework in Frameworks */,
				A6679CE61488DA7D00322312 /* AVFoundation.framework in Frameworks */,
				A6679CE81488DA7D00322312 /* UIKit.framework in Frameworks */,
				A6679CEA1488DA7D00322312 /* Foundation.framework in Frameworks */,
				A6679CEC1488DA7D00322312 /* CoreGraphics.framework in Frameworks */,
			);
			runOnlyForDeploymentPostprocessing = 0;
		};
/* End PBXFrameworksBuildPhase section */

/* Begin PBXGroup section */
		A6679CCE1488DA7C00322312 = {
			isa = PBXGroup;
			children = (
				A6679CDA1488DA7D00322312 /* Products */,
				A6679CDC1488DA7D00322312 /* Frameworks */,
				A6679E3E1488DA8000322312 /* Supporting Files */,
				A6679D021488DA7D00322312 /* libs */,
				A6679CEE1488DA7D00322312 /* Resources */,
				A6679CED1488DA7D00322312 /* rippleDemo */,
			);
			sourceTree = "<group>";
		};
		A6679CDA1488DA7D00322312 /* Products */ = {
			isa = PBXGroup;
			children = (
				A6679CD91488DA7D00322312 /* rippleDemo.app */,
			);
			name = Products;
			sourceTree = "<group>";
		};
		A6679CDC1488DA7D00322312 /* Frameworks */ = {
			isa = PBXGroup;
			children = (
				A6679CDD1488DA7D00322312 /* QuartzCore.framework */,
				A6679CDF1488DA7D00322312 /* OpenGLES.framework */,
				A6679CE11488DA7D00322312 /* OpenAL.framework */,
				A6679CE31488DA7D00322312 /* AudioToolbox.framework */,
				A6679CE51488DA7D00322312 /* AVFoundation.framework */,
				A6679CE71488DA7D00322312 /* UIKit.framework */,
				A6679CE91488DA7D00322312 /* Foundation.framework */,
				A6679CEB1488DA7D00322312 /* CoreGraphics.framework */,
			);
			name = Frameworks;
			sourceTree = "<group>";
		};
		A6679CED1488DA7D00322312 /* rippleDemo */ = {
			isa = PBXGroup;
			children = (
				A6679E421488DA8000322312 /* AppDelegate.h */,
				A6679E431488DA8000322312 /* AppDelegate.m */,
				A6679E451488DA8000322312 /* RootViewController.h */,
				A6679E461488DA8000322312 /* RootViewController.m */,
				A6679E481488DA8000322312 /* HelloWorldLayer.h */,
				A6679E491488DA8000322312 /* HelloWorldLayer.m */,
				A6679E4B1488DA8000322312 /* GameConfig.h */,
				A6679E511488DCD900322312 /* pgeRippleSprite.h */,
				A6679E521488DCD900322312 /* pgeRippleSprite.m */,
			);
			path = rippleDemo;
			sourceTree = "<group>";
		};
		A6679CEE1488DA7D00322312 /* Resources */ = {
			isa = PBXGroup;
			children = (
				A6037F1B148C112D00442DAA /* image_old.png */,
				A6679E6B1488DD5300322312 /* image.png */,
				A6679CEF1488DA7D00322312 /* Default.png */,
				A6679CF11488DA7D00322312 /* fps_images.png */,
				A6679CF31488DA7D00322312 /* Icon-72.png */,
				A6679CF51488DA7D00322312 /* Icon-Small-50.png */,
				A6679CF71488DA7D00322312 /* Icon-Small.png */,
				A6679CF91488DA7D00322312 /* Icon-Small@2x.png */,
				A6679CFB1488DA7D00322312 /* Icon.png */,
				A6679CFD1488DA7D00322312 /* Icon@2x.png */,
				A6679CFF1488DA7D00322312 /* Info.plist */,
				A6679D001488DA7D00322312 /* iTunesArtwork */,
			);
			name = Resources;
			path = rippleDemo;
			sourceTree = "<group>";
		};
		A6679D021488DA7D00322312 /* libs */ = {
			isa = PBXGroup;
			children = (
				A6679D031488DA7D00322312 /* cocos2d */,
				A6679DFC1488DA7F00322312 /* CocosDenshion */,
				A6679E0B1488DA7F00322312 /* cocoslive */,
				A6679E161488DA7F00322312 /* TouchJSON */,
				A6679E2C1488DA7F00322312 /* FontLabel */,
			);
			name = libs;
			path = rippleDemo;
			sourceTree = "<group>";
		};
		A6679D031488DA7D00322312 /* cocos2d */ = {
			isa = PBXGroup;
			children = (
				A6679D041488DA7D00322312 /* CCAction.h */,
				A6679D051488DA7D00322312 /* CCAction.m */,
				A6679D071488DA7D00322312 /* CCActionCamera.h */,
				A6679D081488DA7D00322312 /* CCActionCamera.m */,
				A6679D0A1488DA7D00322312 /* CCActionEase.h */,
				A6679D0B1488DA7D00322312 /* CCActionEase.m */,
				A6679D0D1488DA7D00322312 /* CCActionGrid.h */,
				A6679D0E1488DA7D00322312 /* CCActionGrid.m */,
				A6679D101488DA7D00322312 /* CCActionGrid3D.h */,
				A6679D111488DA7D00322312 /* CCActionGrid3D.m */,
				A6679D131488DA7D00322312 /* CCActionInstant.h */,
				A6679D141488DA7D00322312 /* CCActionInstant.m */,
				A6679D161488DA7D00322312 /* CCActionInterval.h */,
				A6679D171488DA7D00322312 /* CCActionInterval.m */,
				A6679D191488DA7D00322312 /* CCActionManager.h */,
				A6679D1A1488DA7D00322312 /* CCActionManager.m */,
				A6679D1C1488DA7D00322312 /* CCActionPageTurn3D.h */,
				A6679D1D1488DA7D00322312 /* CCActionPageTurn3D.m */,
				A6679D1F1488DA7D00322312 /* CCActionProgressTimer.h */,
				A6679D201488DA7D00322312 /* CCActionProgressTimer.m */,
				A6679D221488DA7D00322312 /* CCActionTiledGrid.h */,
				A6679D231488DA7D00322312 /* CCActionTiledGrid.m */,
				A6679D251488DA7D00322312 /* CCActionTween.h */,
				A6679D261488DA7D00322312 /* CCActionTween.m */,
				A6679D281488DA7D00322312 /* CCAnimation.h */,
				A6679D291488DA7D00322312 /* CCAnimation.m */,
				A6679D2B1488DA7D00322312 /* CCAnimationCache.h */,
				A6679D2C1488DA7D00322312 /* CCAnimationCache.m */,
				A6679D2E1488DA7D00322312 /* CCAtlasNode.h */,
				A6679D2F1488DA7D00322312 /* CCAtlasNode.m */,
				A6679D311488DA7D00322312 /* CCBlockSupport.h */,
				A6679D321488DA7D00322312 /* CCBlockSupport.m */,
				A6679D341488DA7D00322312 /* CCCamera.h */,
				A6679D351488DA7D00322312 /* CCCamera.m */,
				A6679D371488DA7D00322312 /* ccConfig.h */,
				A6679D381488DA7D00322312 /* CCConfiguration.h */,
				A6679D391488DA7D00322312 /* CCConfiguration.m */,
				A6679D3B1488DA7D00322312 /* CCDirector.h */,
				A6679D3C1488DA7D00322312 /* CCDirector.m */,
				A6679D3E1488DA7D00322312 /* CCDrawingPrimitives.h */,
				A6679D3F1488DA7D00322312 /* CCDrawingPrimitives.m */,
				A6679D411488DA7D00322312 /* CCGrabber.h */,
				A6679D421488DA7D00322312 /* CCGrabber.m */,
				A6679D441488DA7D00322312 /* CCGrid.h */,
				A6679D451488DA7D00322312 /* CCGrid.m */,
				A6679D471488DA7D00322312 /* CCLabelAtlas.h */,
				A6679D481488DA7D00322312 /* CCLabelAtlas.m */,
				A6679D4A1488DA7D00322312 /* CCLabelBMFont.h */,
				A6679D4B1488DA7D00322312 /* CCLabelBMFont.m */,
				A6679D4D1488DA7E00322312 /* CCLabelTTF.h */,
				A6679D4E1488DA7E00322312 /* CCLabelTTF.m */,
				A6679D501488DA7E00322312 /* CCLayer.h */,
				A6679D511488DA7E00322312 /* CCLayer.m */,
				A6679D531488DA7E00322312 /* ccMacros.h */,
				A6679D541488DA7E00322312 /* CCMenu.h */,
				A6679D551488DA7E00322312 /* CCMenu.m */,
				A6679D571488DA7E00322312 /* CCMenuItem.h */,
				A6679D581488DA7E00322312 /* CCMenuItem.m */,
				A6679D5A1488DA7E00322312 /* CCMotionStreak.h */,
				A6679D5B1488DA7E00322312 /* CCMotionStreak.m */,
				A6679D5D1488DA7E00322312 /* CCNode.h */,
				A6679D5E1488DA7E00322312 /* CCNode.m */,
				A6679D601488DA7E00322312 /* CCParallaxNode.h */,
				A6679D611488DA7E00322312 /* CCParallaxNode.m */,
				A6679D631488DA7E00322312 /* CCParticleBatchNode.h */,
				A6679D641488DA7E00322312 /* CCParticleBatchNode.m */,
				A6679D661488DA7E00322312 /* CCParticleExamples.h */,
				A6679D671488DA7E00322312 /* CCParticleExamples.m */,
				A6679D691488DA7E00322312 /* CCParticleSystem.h */,
				A6679D6A1488DA7E00322312 /* CCParticleSystem.m */,
				A6679D6C1488DA7E00322312 /* CCParticleSystemPoint.h */,
				A6679D6D1488DA7E00322312 /* CCParticleSystemPoint.m */,
				A6679D6F1488DA7E00322312 /* CCParticleSystemQuad.h */,
				A6679D701488DA7E00322312 /* CCParticleSystemQuad.m */,
				A6679D721488DA7E00322312 /* CCProgressTimer.h */,
				A6679D731488DA7E00322312 /* CCProgressTimer.m */,
				A6679D751488DA7E00322312 /* CCProtocols.h */,
				A6679D761488DA7E00322312 /* CCRenderTexture.h */,
				A6679D771488DA7E00322312 /* CCRenderTexture.m */,
				A6679D791488DA7E00322312 /* CCRibbon.h */,
				A6679D7A1488DA7E00322312 /* CCRibbon.m */,
				A6679D7C1488DA7E00322312 /* CCScene.h */,
				A6679D7D1488DA7E00322312 /* CCScene.m */,
				A6679D7F1488DA7E00322312 /* CCScheduler.h */,
				A6679D801488DA7E00322312 /* CCScheduler.m */,
				A6679D821488DA7E00322312 /* CCSprite.h */,
				A6679D831488DA7E00322312 /* CCSprite.m */,
				A6679D851488DA7E00322312 /* CCSpriteBatchNode.h */,
				A6679D861488DA7E00322312 /* CCSpriteBatchNode.m */,
				A6679D881488DA7E00322312 /* CCSpriteFrame.h */,
				A6679D891488DA7E00322312 /* CCSpriteFrame.m */,
				A6679D8B1488DA7E00322312 /* CCSpriteFrameCache.h */,
				A6679D8C1488DA7E00322312 /* CCSpriteFrameCache.m */,
				A6679D8E1488DA7E00322312 /* CCTexture2D.h */,
				A6679D8F1488DA7E00322312 /* CCTexture2D.m */,
				A6679D911488DA7E00322312 /* CCTextureAtlas.h */,
				A6679D921488DA7E00322312 /* CCTextureAtlas.m */,
				A6679D941488DA7E00322312 /* CCTextureCache.h */,
				A6679D951488DA7E00322312 /* CCTextureCache.m */,
				A6679D971488DA7E00322312 /* CCTexturePVR.h */,
				A6679D981488DA7E00322312 /* CCTexturePVR.m */,
				A6679D9A1488DA7E00322312 /* CCTileMapAtlas.h */,
				A6679D9B1488DA7E00322312 /* CCTileMapAtlas.m */,
				A6679D9D1488DA7E00322312 /* CCTMXLayer.h */,
				A6679D9E1488DA7E00322312 /* CCTMXLayer.m */,
				A6679DA01488DA7E00322312 /* CCTMXObjectGroup.h */,
				A6679DA11488DA7E00322312 /* CCTMXObjectGroup.m */,
				A6679DA31488DA7E00322312 /* CCTMXTiledMap.h */,
				A6679DA41488DA7E00322312 /* CCTMXTiledMap.m */,
				A6679DA61488DA7E00322312 /* CCTMXXMLParser.h */,
				A6679DA71488DA7E00322312 /* CCTMXXMLParser.m */,
				A6679DA91488DA7E00322312 /* CCTransition.h */,
				A6679DAA1488DA7E00322312 /* CCTransition.m */,
				A6679DAC1488DA7E00322312 /* CCTransitionPageTurn.h */,
				A6679DAD1488DA7E00322312 /* CCTransitionPageTurn.m */,
				A6679DAF1488DA7E00322312 /* CCTransitionRadial.h */,
				A6679DB01488DA7E00322312 /* CCTransitionRadial.m */,
				A6679DB21488DA7E00322312 /* ccTypes.h */,
				A6679DB31488DA7E00322312 /* cocos2d.h */,
				A6679DB41488DA7E00322312 /* cocos2d.m */,
				A6679DB61488DA7E00322312 /* Platforms */,
				A6679DDB1488DA7F00322312 /* Support */,
			);
			name = cocos2d;
			sourceTree = "<group>";
		};
		A6679DB61488DA7E00322312 /* Platforms */ = {
			isa = PBXGroup;
			children = (
				A6679DB71488DA7E00322312 /* CCGL.h */,
				A6679DB81488DA7F00322312 /* CCNS.h */,
				A6679DB91488DA7F00322312 /* iOS */,
				A6679DCE1488DA7F00322312 /* Mac */,
			);
			name = Platforms;
			sourceTree = "<group>";
		};
		A6679DB91488DA7F00322312 /* iOS */ = {
			isa = PBXGroup;
			children = (
				A6679DBA1488DA7F00322312 /* CCDirectorIOS.h */,
				A6679DBB1488DA7F00322312 /* CCDirectorIOS.m */,
				A6679DBD1488DA7F00322312 /* CCTouchDelegateProtocol.h */,
				A6679DBE1488DA7F00322312 /* CCTouchDispatcher.h */,
				A6679DBF1488DA7F00322312 /* CCTouchDispatcher.m */,
				A6679DC11488DA7F00322312 /* CCTouchHandler.h */,
				A6679DC21488DA7F00322312 /* CCTouchHandler.m */,
				A6679DC41488DA7F00322312 /* EAGLView.h */,
				A6679DC51488DA7F00322312 /* EAGLView.m */,
				A6679DC71488DA7F00322312 /* ES1Renderer.h */,
				A6679DC81488DA7F00322312 /* ES1Renderer.m */,
				A6679DCA1488DA7F00322312 /* ESRenderer.h */,
				A6679DCB1488DA7F00322312 /* glu.c */,
				A6679DCD1488DA7F00322312 /* glu.h */,
			);
			name = iOS;
			sourceTree = "<group>";
		};
		A6679DCE1488DA7F00322312 /* Mac */ = {
			isa = PBXGroup;
			children = (
				A6679DCF1488DA7F00322312 /* CCDirectorMac.h */,
				A6679DD01488DA7F00322312 /* CCDirectorMac.m */,
				A6679DD21488DA7F00322312 /* CCEventDispatcher.h */,
				A6679DD31488DA7F00322312 /* CCEventDispatcher.m */,
				A6679DD51488DA7F00322312 /* MacGLView.h */,
				A6679DD61488DA7F00322312 /* MacGLView.m */,
				A6679DD81488DA7F00322312 /* MacWindow.h */,
				A6679DD91488DA7F00322312 /* MacWindow.m */,
			);
			name = Mac;
			sourceTree = "<group>";
		};
		A6679DDB1488DA7F00322312 /* Support */ = {
			isa = PBXGroup;
			children = (
				A6679DDC1488DA7F00322312 /* base64.c */,
				A6679DDE1488DA7F00322312 /* base64.h */,
				A6679DDF1488DA7F00322312 /* CCArray.h */,
				A6679DE01488DA7F00322312 /* CCArray.m */,
				A6679DE21488DA7F00322312 /* ccCArray.h */,
				A6679DE31488DA7F00322312 /* CCFileUtils.h */,
				A6679DE41488DA7F00322312 /* CCFileUtils.m */,
				A6679DE61488DA7F00322312 /* CCProfiling.h */,
				A6679DE71488DA7F00322312 /* CCProfiling.m */,
				A6679DE91488DA7F00322312 /* ccUtils.c */,
				A6679DEB1488DA7F00322312 /* ccUtils.h */,
				A6679DEC1488DA7F00322312 /* CGPointExtension.h */,
				A6679DED1488DA7F00322312 /* CGPointExtension.m */,
				A6679DEF1488DA7F00322312 /* OpenGL_Internal.h */,
				A6679DF01488DA7F00322312 /* TGAlib.h */,
				A6679DF11488DA7F00322312 /* TGAlib.m */,
				A6679DF31488DA7F00322312 /* TransformUtils.h */,
				A6679DF41488DA7F00322312 /* TransformUtils.m */,
				A6679DF61488DA7F00322312 /* uthash.h */,
				A6679DF71488DA7F00322312 /* utlist.h */,
				A6679DF81488DA7F00322312 /* ZipUtils.h */,
				A6679DF91488DA7F00322312 /* ZipUtils.m */,
			);
			name = Support;
			sourceTree = "<group>";
		};
		A6679DFC1488DA7F00322312 /* CocosDenshion */ = {
			isa = PBXGroup;
			children = (
				A6679DFD1488DA7F00322312 /* CDAudioManager.h */,
				A6679DFE1488DA7F00322312 /* CDAudioManager.m */,
				A6679E001488DA7F00322312 /* CDConfig.h */,
				A6679E011488DA7F00322312 /* CDOpenALSupport.h */,
				A6679E021488DA7F00322312 /* CDOpenALSupport.m */,
				A6679E041488DA7F00322312 /* CocosDenshion.h */,
				A6679E051488DA7F00322312 /* CocosDenshion.m */,
				A6679E071488DA7F00322312 /* SimpleAudioEngine.h */,
				A6679E081488DA7F00322312 /* SimpleAudioEngine.m */,
			);
			name = CocosDenshion;
			sourceTree = "<group>";
		};
		A6679E0B1488DA7F00322312 /* cocoslive */ = {
			isa = PBXGroup;
			children = (
				A6679E0C1488DA7F00322312 /* CLScoreServerPost.h */,
				A6679E0D1488DA7F00322312 /* CLScoreServerPost.m */,
				A6679E0F1488DA7F00322312 /* CLScoreServerRequest.h */,
				A6679E101488DA7F00322312 /* CLScoreServerRequest.m */,
				A6679E121488DA7F00322312 /* cocoslive.h */,
				A6679E131488DA7F00322312 /* cocoslive.m */,
			);
			name = cocoslive;
			sourceTree = "<group>";
		};
		A6679E161488DA7F00322312 /* TouchJSON */ = {
			isa = PBXGroup;
			children = (
				A6679E171488DA7F00322312 /* CDataScanner.h */,
				A6679E181488DA7F00322312 /* CDataScanner.m */,
				A6679E1A1488DA7F00322312 /* Extensions */,
				A6679E211488DA7F00322312 /* JSON */,
			);
			name = TouchJSON;
			sourceTree = "<group>";
		};
		A6679E1A1488DA7F00322312 /* Extensions */ = {
			isa = PBXGroup;
			children = (
				A6679E1B1488DA7F00322312 /* CDataScanner_Extensions.h */,
				A6679E1C1488DA7F00322312 /* CDataScanner_Extensions.m */,
				A6679E1E1488DA7F00322312 /* NSDictionary_JSONExtensions.h */,
				A6679E1F1488DA7F00322312 /* NSDictionary_JSONExtensions.m */,
			);
			name = Extensions;
			sourceTree = "<group>";
		};
		A6679E211488DA7F00322312 /* JSON */ = {
			isa = PBXGroup;
			children = (
				A6679E221488DA7F00322312 /* CJSONDeserializer.h */,
				A6679E231488DA7F00322312 /* CJSONDeserializer.m */,
				A6679E251488DA7F00322312 /* CJSONScanner.h */,
				A6679E261488DA7F00322312 /* CJSONScanner.m */,
				A6679E281488DA7F00322312 /* CJSONSerializer.h */,
				A6679E291488DA7F00322312 /* CJSONSerializer.m */,
				A6679E2B1488DA7F00322312 /* JSONRepresentation.h */,
			);
			name = JSON;
			sourceTree = "<group>";
		};
		A6679E2C1488DA7F00322312 /* FontLabel */ = {
			isa = PBXGroup;
			children = (
				A6679E2D1488DA7F00322312 /* FontLabel.h */,
				A6679E2E1488DA8000322312 /* FontLabel.m */,
				A6679E301488DA8000322312 /* FontLabelStringDrawing.h */,
				A6679E311488DA8000322312 /* FontLabelStringDrawing.m */,
				A6679E331488DA8000322312 /* FontManager.h */,
				A6679E341488DA8000322312 /* FontManager.m */,
				A6679E361488DA8000322312 /* ZAttributedString.h */,
				A6679E371488DA8000322312 /* ZAttributedString.m */,
				A6679E391488DA8000322312 /* ZAttributedStringPrivate.h */,
				A6679E3A1488DA8000322312 /* ZFont.h */,
				A6679E3B1488DA8000322312 /* ZFont.m */,
			);
			name = FontLabel;
			sourceTree = "<group>";
		};
		A6679E3E1488DA8000322312 /* Supporting Files */ = {
			isa = PBXGroup;
			children = (
				A6679E3F1488DA8000322312 /* Prefix.pch */,
				A6679E401488DA8000322312 /* main.m */,
			);
			name = "Supporting Files";
			path = rippleDemo;
			sourceTree = "<group>";
		};
/* End PBXGroup section */

/* Begin PBXNativeTarget section */
		A6679CD81488DA7D00322312 /* rippleDemo */ = {
			isa = PBXNativeTarget;
			buildConfigurationList = A6679E4E1488DA8000322312 /* Build configuration list for PBXNativeTarget "rippleDemo" */;
			buildPhases = (
				A6679CD51488DA7D00322312 /* Sources */,
				A6679CD61488DA7D00322312 /* Frameworks */,
				A6679CD71488DA7D00322312 /* Resources */,
			);
			buildRules = (
			);
			dependencies = (
			);
			name = rippleDemo;
			productName = rippleDemo;
			productReference = A6679CD91488DA7D00322312 /* rippleDemo.app */;
			productType = "com.apple.product-type.application";
		};
/* End PBXNativeTarget section */

/* Begin PBXProject section */
		A6679CD01488DA7C00322312 /* Project object */ = {
			isa = PBXProject;
			attributes = {
				LastUpgradeCheck = 0420;
			};
			buildConfigurationList = A6679CD31488DA7C00322312 /* Build configuration list for PBXProject "rippleDemo" */;
			compatibilityVersion = "Xcode 3.2";
			developmentRegion = English;
			hasScannedForEncodings = 0;
			knownRegions = (
				en,
			);
			mainGroup = A6679CCE1488DA7C00322312;
			productRefGroup = A6679CDA1488DA7D00322312 /* Products */;
			projectDirPath = "";
			projectRoot = "";
			targets = (
				A6679CD81488DA7D00322312 /* rippleDemo */,
			);
		};
/* End PBXProject section */

/* Begin PBXResourcesBuildPhase section */
		A6679CD71488DA7D00322312 /* Resources */ = {
			isa = PBXResourcesBuildPhase;
			buildActionMask = 2147483647;
			files = (
				A6679CF01488DA7D00322312 /* Default.png in Resources */,
				A6679CF21488DA7D00322312 /* fps_images.png in Resources */,
				A6679CF41488DA7D00322312 /* Icon-72.png in Resources */,
				A6679CF61488DA7D00322312 /* Icon-Small-50.png in Resources */,
				A6679CF81488DA7D00322312 /* Icon-Small.png in Resources */,
				A6679CFA1488DA7D00322312 /* Icon-Small@2x.png in Resources */,
				A6679CFC1488DA7D00322312 /* Icon.png in Resources */,
				A6679CFE1488DA7D00322312 /* Icon@2x.png in Resources */,
				A6679D011488DA7D00322312 /* iTunesArtwork in Resources */,
				A6679E6C1488DD5300322312 /* image.png in Resources */,
				A6037F1C148C112D00442DAA /* image_old.png in Resources */,
			);
			runOnlyForDeploymentPostprocessing = 0;
		};
/* End PBXResourcesBuildPhase section */

/* Begin PBXSourcesBuildPhase section */
		A6679CD51488DA7D00322312 /* Sources */ = {
			isa = PBXSourcesBuildPhase;
			buildActionMask = 2147483647;
			files = (
				A6679D061488DA7D00322312 /* CCAction.m in Sources */,
				A6679D091488DA7D00322312 /* CCActionCamera.m in Sources */,
				A6679D0C1488DA7D00322312 /* CCActionEase.m in Sources */,
				A6679D0F1488DA7D00322312 /* CCActionGrid.m in Sources */,
				A6679D121488DA7D00322312 /* CCActionGrid3D.m in Sources */,
				A6679D151488DA7D00322312 /* CCActionInstant.m in Sources */,
				A6679D181488DA7D00322312 /* CCActionInterval.m in Sources */,
				A6679D1B1488DA7D00322312 /* CCActionManager.m in Sources */,
				A6679D1E1488DA7D00322312 /* CCActionPageTurn3D.m in Sources */,
				A6679D211488DA7D00322312 /* CCActionProgressTimer.m in Sources */,
				A6679D241488DA7D00322312 /* CCActionTiledGrid.m in Sources */,
				A6679D271488DA7D00322312 /* CCActionTween.m in Sources */,
				A6679D2A1488DA7D00322312 /* CCAnimation.m in Sources */,
				A6679D2D1488DA7D00322312 /* CCAnimationCache.m in Sources */,
				A6679D301488DA7D00322312 /* CCAtlasNode.m in Sources */,
				A6679D331488DA7D00322312 /* CCBlockSupport.m in Sources */,
				A6679D361488DA7D00322312 /* CCCamera.m in Sources */,
				A6679D3A1488DA7D00322312 /* CCConfiguration.m in Sources */,
				A6679D3D1488DA7D00322312 /* CCDirector.m in Sources */,
				A6679D401488DA7D00322312 /* CCDrawingPrimitives.m in Sources */,
				A6679D431488DA7D00322312 /* CCGrabber.m in Sources */,
				A6679D461488DA7D00322312 /* CCGrid.m in Sources */,
				A6679D491488DA7D00322312 /* CCLabelAtlas.m in Sources */,
				A6679D4C1488DA7D00322312 /* CCLabelBMFont.m in Sources */,
				A6679D4F1488DA7E00322312 /* CCLabelTTF.m in Sources */,
				A6679D521488DA7E00322312 /* CCLayer.m in Sources */,
				A6679D561488DA7E00322312 /* CCMenu.m in Sources */,
				A6679D591488DA7E00322312 /* CCMenuItem.m in Sources */,
				A6679D5C1488DA7E00322312 /* CCMotionStreak.m in Sources */,
				A6679D5F1488DA7E00322312 /* CCNode.m in Sources */,
				A6679D621488DA7E00322312 /* CCParallaxNode.m in Sources */,
				A6679D651488DA7E00322312 /* CCParticleBatchNode.m in Sources */,
				A6679D681488DA7E00322312 /* CCParticleExamples.m in Sources */,
				A6679D6B1488DA7E00322312 /* CCParticleSystem.m in Sources */,
				A6679D6E1488DA7E00322312 /* CCParticleSystemPoint.m in Sources */,
				A6679D711488DA7E00322312 /* CCParticleSystemQuad.m in Sources */,
				A6679D741488DA7E00322312 /* CCProgressTimer.m in Sources */,
				A6679D781488DA7E00322312 /* CCRenderTexture.m in Sources */,
				A6679D7B1488DA7E00322312 /* CCRibbon.m in Sources */,
				A6679D7E1488DA7E00322312 /* CCScene.m in Sources */,
				A6679D811488DA7E00322312 /* CCScheduler.m in Sources */,
				A6679D841488DA7E00322312 /* CCSprite.m in Sources */,
				A6679D871488DA7E00322312 /* CCSpriteBatchNode.m in Sources */,
				A6679D8A1488DA7E00322312 /* CCSpriteFrame.m in Sources */,
				A6679D8D1488DA7E00322312 /* CCSpriteFrameCache.m in Sources */,
				A6679D901488DA7E00322312 /* CCTexture2D.m in Sources */,
				A6679D931488DA7E00322312 /* CCTextureAtlas.m in Sources */,
				A6679D961488DA7E00322312 /* CCTextureCache.m in Sources */,
				A6679D991488DA7E00322312 /* CCTexturePVR.m in Sources */,
				A6679D9C1488DA7E00322312 /* CCTileMapAtlas.m in Sources */,
				A6679D9F1488DA7E00322312 /* CCTMXLayer.m in Sources */,
				A6679DA21488DA7E00322312 /* CCTMXObjectGroup.m in Sources */,
				A6679DA51488DA7E00322312 /* CCTMXTiledMap.m in Sources */,
				A6679DA81488DA7E00322312 /* CCTMXXMLParser.m in Sources */,
				A6679DAB1488DA7E00322312 /* CCTransition.m in Sources */,
				A6679DAE1488DA7E00322312 /* CCTransitionPageTurn.m in Sources */,
				A6679DB11488DA7E00322312 /* CCTransitionRadial.m in Sources */,
				A6679DB51488DA7E00322312 /* cocos2d.m in Sources */,
				A6679DBC1488DA7F00322312 /* CCDirectorIOS.m in Sources */,
				A6679DC01488DA7F00322312 /* CCTouchDispatcher.m in Sources */,
				A6679DC31488DA7F00322312 /* CCTouchHandler.m in Sources */,
				A6679DC61488DA7F00322312 /* EAGLView.m in Sources */,
				A6679DC91488DA7F00322312 /* ES1Renderer.m in Sources */,
				A6679DCC1488DA7F00322312 /* glu.c in Sources */,
				A6679DD11488DA7F00322312 /* CCDirectorMac.m in Sources */,
				A6679DD41488DA7F00322312 /* CCEventDispatcher.m in Sources */,
				A6679DD71488DA7F00322312 /* MacGLView.m in Sources */,
				A6679DDA1488DA7F00322312 /* MacWindow.m in Sources */,
				A6679DDD1488DA7F00322312 /* base64.c in Sources */,
				A6679DE11488DA7F00322312 /* CCArray.m in Sources */,
				A6679DE51488DA7F00322312 /* CCFileUtils.m in Sources */,
				A6679DE81488DA7F00322312 /* CCProfiling.m in Sources */,
				A6679DEA1488DA7F00322312 /* ccUtils.c in Sources */,
				A6679DEE1488DA7F00322312 /* CGPointExtension.m in Sources */,
				A6679DF21488DA7F00322312 /* TGAlib.m in Sources */,
				A6679DF51488DA7F00322312 /* TransformUtils.m in Sources */,
				A6679DFA1488DA7F00322312 /* ZipUtils.m in Sources */,
				A6679DFF1488DA7F00322312 /* CDAudioManager.m in Sources */,
				A6679E031488DA7F00322312 /* CDOpenALSupport.m in Sources */,
				A6679E061488DA7F00322312 /* CocosDenshion.m in Sources */,
				A6679E091488DA7F00322312 /* SimpleAudioEngine.m in Sources */,
				A6679E0E1488DA7F00322312 /* CLScoreServerPost.m in Sources */,
				A6679E111488DA7F00322312 /* CLScoreServerRequest.m in Sources */,
				A6679E141488DA7F00322312 /* cocoslive.m in Sources */,
				A6679E191488DA7F00322312 /* CDataScanner.m in Sources */,
				A6679E1D1488DA7F00322312 /* CDataScanner_Extensions.m in Sources */,
				A6679E201488DA7F00322312 /* NSDictionary_JSONExtensions.m in Sources */,
				A6679E241488DA7F00322312 /* CJSONDeserializer.m in Sources */,
				A6679E271488DA7F00322312 /* CJSONScanner.m in Sources */,
				A6679E2A1488DA7F00322312 /* CJSONSerializer.m in Sources */,
				A6679E2F1488DA8000322312 /* FontLabel.m in Sources */,
				A6679E321488DA8000322312 /* FontLabelStringDrawing.m in Sources */,
				A6679E351488DA8000322312 /* FontManager.m in Sources */,
				A6679E381488DA8000322312 /* ZAttributedString.m in Sources */,
				A6679E3C1488DA8000322312 /* ZFont.m in Sources */,
				A6679E411488DA8000322312 /* main.m in Sources */,
				A6679E441488DA8000322312 /* AppDelegate.m in Sources */,
				A6679E471488DA8000322312 /* RootViewController.m in Sources */,
				A6679E4A1488DA8000322312 /* HelloWorldLayer.m in Sources */,
				A6679E531488DCD900322312 /* pgeRippleSprite.m in Sources */,
			);
			runOnlyForDeploymentPostprocessing = 0;
		};
/* End PBXSourcesBuildPhase section */

/* Begin XCBuildConfiguration section */
		A6679E4C1488DA8000322312 /* Debug */ = {
			isa = XCBuildConfiguration;
			buildSettings = {
				ARCHS = "$(ARCHS_STANDARD_32_BIT)";
				"CODE_SIGN_IDENTITY[sdk=iphoneos*]" = "iPhone Developer";
				GCC_C_LANGUAGE_STANDARD = gnu99;
				GCC_OPTIMIZATION_LEVEL = 0;
				GCC_PREPROCESSOR_DEFINITIONS = (
					DEBUG,
					"COCOS2D_DEBUG=1",
				);
				GCC_SYMBOLS_PRIVATE_EXTERN = NO;
				GCC_VERSION = com.apple.compilers.llvmgcc42;
				GCC_WARN_ABOUT_RETURN_TYPE = YES;
				GCC_WARN_UNUSED_VARIABLE = YES;
				IPHONEOS_DEPLOYMENT_TARGET = 5.0;
				SDKROOT = iphoneos;
			};
			name = Debug;
		};
		A6679E4D1488DA8000322312 /* Release */ = {
			isa = XCBuildConfiguration;
			buildSettings = {
				ARCHS = "$(ARCHS_STANDARD_32_BIT)";
				"CODE_SIGN_IDENTITY[sdk=iphoneos*]" = "iPhone Developer";
				GCC_C_LANGUAGE_STANDARD = gnu99;
				GCC_PREPROCESSOR_DEFINITIONS = NDEBUG;
				GCC_VERSION = com.apple.compilers.llvmgcc42;
				GCC_WARN_ABOUT_RETURN_TYPE = YES;
				GCC_WARN_UNUSED_VARIABLE = YES;
				IPHONEOS_DEPLOYMENT_TARGET = 5.0;
				OTHER_CFLAGS = "-DNS_BLOCK_ASSERTIONS=1";
				SDKROOT = iphoneos;
			};
			name = Release;
		};
		A6679E4F1488DA8000322312 /* Debug */ = {
			isa = XCBuildConfiguration;
			buildSettings = {
				ALWAYS_SEARCH_USER_PATHS = NO;
				ARCHS = (
					armv6,
					"$(ARCHS_STANDARD_32_BIT)",
				);
				COPY_PHASE_STRIP = NO;
				GCC_DYNAMIC_NO_PIC = NO;
				GCC_PRECOMPILE_PREFIX_HEADER = YES;
				GCC_PREFIX_HEADER = rippleDemo/Prefix.pch;
				"GCC_THUMB_SUPPORT[arch=armv6]" = "";
				INFOPLIST_FILE = rippleDemo/Resources/Info.plist;
				IPHONEOS_DEPLOYMENT_TARGET = 4.2;
				OTHER_LDFLAGS = "-lz";
				PRODUCT_NAME = "$(TARGET_NAME)";
				WRAPPER_EXTENSION = app;
			};
			name = Debug;
		};
		A6679E501488DA8000322312 /* Release */ = {
			isa = XCBuildConfiguration;
			buildSettings = {
				ALWAYS_SEARCH_USER_PATHS = NO;
				ARCHS = (
					armv6,
					"$(ARCHS_STANDARD_32_BIT)",
				);
				COPY_PHASE_STRIP = YES;
				GCC_PRECOMPILE_PREFIX_HEADER = YES;
				GCC_PREFIX_HEADER = rippleDemo/Prefix.pch;
				"GCC_THUMB_SUPPORT[arch=armv6]" = "";
				INFOPLIST_FILE = rippleDemo/Resources/Info.plist;
				IPHONEOS_DEPLOYMENT_TARGET = 4.2;
				OTHER_LDFLAGS = "-lz";
				PRODUCT_NAME = "$(TARGET_NAME)";
				VALIDATE_PRODUCT = YES;
				WRAPPER_EXTENSION = app;
			};
			name = Release;
		};
/* End XCBuildConfiguration section */

/* Begin XCConfigurationList section */
		A6679CD31488DA7C00322312 /* Build configuration list for PBXProject "rippleDemo" */ = {
			isa = XCConfigurationList;
			buildConfigurations = (
				A6679E4C1488DA8000322312 /* Debug */,
				A6679E4D1488DA8000322312 /* Release */,
			);
			defaultConfigurationIsVisible = 0;
			defaultConfigurationName = Release;
		};
		A6679E4E1488DA8000322312 /* Build configuration list for PBXNativeTarget "rippleDemo" */ = {
			isa = XCConfigurationList;
			buildConfigurations = (
				A6679E4F1488DA8000322312 /* Debug */,
				A6679E501488DA8000322312 /* Release */,
			);
			defaultConfigurationIsVisible = 0;
			defaultConfigurationName = Release;
		};
/* End XCConfigurationList section */
	};
	rootObject = A6679CD01488DA7C00322312 /* Project object */;
}
